// !$*UTF8*$!
{
	archiveVersion = 1;
	classes = {
	};
	objectVersion = 56;
	objects = {

/* Begin PBXBuildFile section */
		4D5F71202952B3F400C753C2 /* Network_Request_TestApp.swift in Sources */ = {isa = PBXBuildFile; fileRef = 4D5F711F2952B3F400C753C2 /* Network_Request_TestApp.swift */; };
		4D5F71222952B3F400C753C2 /* ContentView.swift in Sources */ = {isa = PBXBuildFile; fileRef = 4D5F71212952B3F400C753C2 /* ContentView.swift */; };
		4D5F71242952B40200C753C2 /* Assets.xcassets in Resources */ = {isa = PBXBuildFile; fileRef = 4D5F71232952B40200C753C2 /* Assets.xcassets */; };
		4D5F71272952B40200C753C2 /* Preview Assets.xcassets in Resources */ = {isa = PBXBuildFile; fileRef = 4D5F71262952B40200C753C2 /* Preview Assets.xcassets */; };
		4D5F71312952B40400C753C2 /* Network_Request_TestTests.swift in Sources */ = {isa = PBXBuildFile; fileRef = 4D5F71302952B40400C753C2 /* Network_Request_TestTests.swift */; };
		4D5F713B2952B40400C753C2 /* Network_Request_TestUITests.swift in Sources */ = {isa = PBXBuildFile; fileRef = 4D5F713A2952B40400C753C2 /* Network_Request_TestUITests.swift */; };
		4D5F713D2952B40400C753C2 /* Network_Request_TestUITestsLaunchTests.swift in Sources */ = {isa = PBXBuildFile; fileRef = 4D5F713C2952B40400C753C2 /* Network_Request_TestUITestsLaunchTests.swift */; };
		4D5F714A2952B7D200C753C2 /* SampleMath.swift in Sources */ = {isa = PBXBuildFile; fileRef = 4D5F71492952B7D200C753C2 /* SampleMath.swift */; };
		4DC871EB295406CE0035B8B2 /* Song.swift in Sources */ = {isa = PBXBuildFile; fileRef = 4DC871EA295406CE0035B8B2 /* Song.swift */; };
		4DC871EE295406F70035B8B2 /* SongListViewModel.swift in Sources */ = {isa = PBXBuildFile; fileRef = 4DC871ED295406F70035B8B2 /* SongListViewModel.swift */; };
		4DC871F0295407150035B8B2 /* UpdateSongViewModel.swift in Sources */ = {isa = PBXBuildFile; fileRef = 4DC871EF295407150035B8B2 /* UpdateSongViewModel.swift */; };
		4DC871F32954073F0035B8B2 /* Constants.swift in Sources */ = {isa = PBXBuildFile; fileRef = 4DC871F22954073F0035B8B2 /* Constants.swift */; };
		4DC871F52954075B0035B8B2 /* HttpClient.swift in Sources */ = {isa = PBXBuildFile; fileRef = 4DC871F42954075B0035B8B2 /* HttpClient.swift */; };
		4DC871F7295407770035B8B2 /* ModalType.swift in Sources */ = {isa = PBXBuildFile; fileRef = 4DC871F6295407770035B8B2 /* ModalType.swift */; };
		4DC871FA2954079C0035B8B2 /* SongList.swift in Sources */ = {isa = PBXBuildFile; fileRef = 4DC871F92954079C0035B8B2 /* SongList.swift */; };
		4DC871FC295407BA0035B8B2 /* UpdateSong.swift in Sources */ = {isa = PBXBuildFile; fileRef = 4DC871FB295407BA0035B8B2 /* UpdateSong.swift */; };
/* End PBXBuildFile section */

/* Begin PBXContainerItemProxy section */
		4D5F712D2952B40400C753C2 /* PBXContainerItemProxy */ = {
			isa = PBXContainerItemProxy;
			containerPortal = 4D5F71142952B3F300C753C2 /* Project object */;
			proxyType = 1;
			remoteGlobalIDString = 4D5F711B2952B3F400C753C2;
			remoteInfo = "Network Request Test";
		};
		4D5F71372952B40400C753C2 /* PBXContainerItemProxy */ = {
			isa = PBXContainerItemProxy;
			containerPortal = 4D5F71142952B3F300C753C2 /* Project object */;
			proxyType = 1;
			remoteGlobalIDString = 4D5F711B2952B3F400C753C2;
			remoteInfo = "Network Request Test";
		};
/* End PBXContainerItemProxy section */

/* Begin PBXFileReference section */
		4D5F711C2952B3F400C753C2 /* Network Request Test.app */ = {isa = PBXFileReference; explicitFileType = wrapper.application; includeInIndex = 0; path = "Network Request Test.app"; sourceTree = BUILT_PRODUCTS_DIR; };
		4D5F711F2952B3F400C753C2 /* Network_Request_TestApp.swift */ = {isa = PBXFileReference; lastKnownFileType = sourcecode.swift; path = Network_Request_TestApp.swift; sourceTree = "<group>"; };
		4D5F71212952B3F400C753C2 /* ContentView.swift */ = {isa = PBXFileReference; lastKnownFileType = sourcecode.swift; path = ContentView.swift; sourceTree = "<group>"; };
		4D5F71232952B40200C753C2 /* Assets.xcassets */ = {isa = PBXFileReference; lastKnownFileType = folder.assetcatalog; path = Assets.xcassets; sourceTree = "<group>"; };
		4D5F71262952B40200C753C2 /* Preview Assets.xcassets */ = {isa = PBXFileReference; lastKnownFileType = folder.assetcatalog; path = "Preview Assets.xcassets"; sourceTree = "<group>"; };
		4D5F712C2952B40400C753C2 /* Network Request TestTests.xctest */ = {isa = PBXFileReference; explicitFileType = wrapper.cfbundle; includeInIndex = 0; path = "Network Request TestTests.xctest"; sourceTree = BUILT_PRODUCTS_DIR; };
		4D5F71302952B40400C753C2 /* Network_Request_TestTests.swift */ = {isa = PBXFileReference; lastKnownFileType = sourcecode.swift; path = Network_Request_TestTests.swift; sourceTree = "<group>"; };
		4D5F71362952B40400C753C2 /* Network Request TestUITests.xctest */ = {isa = PBXFileReference; explicitFileType = wrapper.cfbundle; includeInIndex = 0; path = "Network Request TestUITests.xctest"; sourceTree = BUILT_PRODUCTS_DIR; };
		4D5F713A2952B40400C753C2 /* Network_Request_TestUITests.swift */ = {isa = PBXFileReference; lastKnownFileType = sourcecode.swift; path = Network_Request_TestUITests.swift; sourceTree = "<group>"; };
		4D5F713C2952B40400C753C2 /* Network_Request_TestUITestsLaunchTests.swift */ = {isa = PBXFileReference; lastKnownFileType = sourcecode.swift; path = Network_Request_TestUITestsLaunchTests.swift; sourceTree = "<group>"; };
		4D5F71492952B7D200C753C2 /* SampleMath.swift */ = {isa = PBXFileReference; lastKnownFileType = sourcecode.swift; path = SampleMath.swift; sourceTree = "<group>"; };
		4DC871EA295406CE0035B8B2 /* Song.swift */ = {isa = PBXFileReference; lastKnownFileType = sourcecode.swift; path = Song.swift; sourceTree = "<group>"; };
		4DC871ED295406F70035B8B2 /* SongListViewModel.swift */ = {isa = PBXFileReference; lastKnownFileType = sourcecode.swift; path = SongListViewModel.swift; sourceTree = "<group>"; };
		4DC871EF295407150035B8B2 /* UpdateSongViewModel.swift */ = {isa = PBXFileReference; lastKnownFileType = sourcecode.swift; path = UpdateSongViewModel.swift; sourceTree = "<group>"; };
		4DC871F22954073F0035B8B2 /* Constants.swift */ = {isa = PBXFileReference; lastKnownFileType = sourcecode.swift; path = Constants.swift; sourceTree = "<group>"; };
		4DC871F42954075B0035B8B2 /* HttpClient.swift */ = {isa = PBXFileReference; lastKnownFileType = sourcecode.swift; path = HttpClient.swift; sourceTree = "<group>"; };
		4DC871F6295407770035B8B2 /* ModalType.swift */ = {isa = PBXFileReference; lastKnownFileType = sourcecode.swift; path = ModalType.swift; sourceTree = "<group>"; };
		4DC871F92954079C0035B8B2 /* SongList.swift */ = {isa = PBXFileReference; lastKnownFileType = sourcecode.swift; path = SongList.swift; sourceTree = "<group>"; };
		4DC871FB295407BA0035B8B2 /* UpdateSong.swift */ = {isa = PBXFileReference; lastKnownFileType = sourcecode.swift; path = UpdateSong.swift; sourceTree = "<group>"; };
/* End PBXFileReference section */

/* Begin PBXFrameworksBuildPhase section */
		4D5F71192952B3F400C753C2 /* Frameworks */ = {
			isa = PBXFrameworksBuildPhase;
			buildActionMask = 2147483647;
			files = (
			);
			runOnlyForDeploymentPostprocessing = 0;
		};
		4D5F71292952B40400C753C2 /* Frameworks */ = {
			isa = PBXFrameworksBuildPhase;
			buildActionMask = 2147483647;
			files = (
			);
			runOnlyForDeploymentPostprocessing = 0;
		};
		4D5F71332952B40400C753C2 /* Frameworks */ = {
			isa = PBXFrameworksBuildPhase;
			buildActionMask = 2147483647;
			files = (
			);
			runOnlyForDeploymentPostprocessing = 0;
		};
/* End PBXFrameworksBuildPhase section */

/* Begin PBXGroup section */
		4D5F71132952B3F300C753C2 = {
			isa = PBXGroup;
			children = (
				4D5F711E2952B3F400C753C2 /* Network Request Test */,
				4D5F712F2952B40400C753C2 /* Network Request TestTests */,
				4D5F71392952B40400C753C2 /* Network Request TestUITests */,
				4D5F711D2952B3F400C753C2 /* Products */,
			);
			sourceTree = "<group>";
		};
		4D5F711D2952B3F400C753C2 /* Products */ = {
			isa = PBXGroup;
			children = (
				4D5F711C2952B3F400C753C2 /* Network Request Test.app */,
				4D5F712C2952B40400C753C2 /* Network Request TestTests.xctest */,
				4D5F71362952B40400C753C2 /* Network Request TestUITests.xctest */,
			);
			name = Products;
			sourceTree = "<group>";
		};
		4D5F711E2952B3F400C753C2 /* Network Request Test */ = {
			isa = PBXGroup;
			children = (
				4DC871F82954078B0035B8B2 /* Views */,
				4DC871F12954072D0035B8B2 /* Utils */,
				4DC871EC295406E10035B8B2 /* ViewModels */,
				4DC871E9295406B60035B8B2 /* Model */,
				4D5F711F2952B3F400C753C2 /* Network_Request_TestApp.swift */,
				4D5F71212952B3F400C753C2 /* ContentView.swift */,
				4D5F71492952B7D200C753C2 /* SampleMath.swift */,
				4D5F71232952B40200C753C2 /* Assets.xcassets */,
				4D5F71252952B40200C753C2 /* Preview Content */,
			);
			path = "Network Request Test";
			sourceTree = "<group>";
		};
		4D5F71252952B40200C753C2 /* Preview Content */ = {
			isa = PBXGroup;
			children = (
				4D5F71262952B40200C753C2 /* Preview Assets.xcassets */,
			);
			path = "Preview Content";
			sourceTree = "<group>";
		};
		4D5F712F2952B40400C753C2 /* Network Request TestTests */ = {
			isa = PBXGroup;
			children = (
				4D5F71302952B40400C753C2 /* Network_Request_TestTests.swift */,
			);
			path = "Network Request TestTests";
			sourceTree = "<group>";
		};
		4D5F71392952B40400C753C2 /* Network Request TestUITests */ = {
			isa = PBXGroup;
			children = (
				4D5F713A2952B40400C753C2 /* Network_Request_TestUITests.swift */,
				4D5F713C2952B40400C753C2 /* Network_Request_TestUITestsLaunchTests.swift */,
			);
			path = "Network Request TestUITests";
			sourceTree = "<group>";
		};
		4DC871E9295406B60035B8B2 /* Model */ = {
			isa = PBXGroup;
			children = (
				4DC871EA295406CE0035B8B2 /* Song.swift */,
				4DC871EF295407150035B8B2 /* UpdateSongViewModel.swift */,
			);
			path = Model;
			sourceTree = "<group>";
		};
		4DC871EC295406E10035B8B2 /* ViewModels */ = {
			isa = PBXGroup;
			children = (
				4DC871ED295406F70035B8B2 /* SongListViewModel.swift */,
			);
			path = ViewModels;
			sourceTree = "<group>";
		};
		4DC871F12954072D0035B8B2 /* Utils */ = {
			isa = PBXGroup;
			children = (
				4DC871F22954073F0035B8B2 /* Constants.swift */,
				4DC871F42954075B0035B8B2 /* HttpClient.swift */,
				4DC871F6295407770035B8B2 /* ModalType.swift */,
			);
			path = Utils;
			sourceTree = "<group>";
		};
		4DC871F82954078B0035B8B2 /* Views */ = {
			isa = PBXGroup;
			children = (
				4DC871F92954079C0035B8B2 /* SongList.swift */,
				4DC871FB295407BA0035B8B2 /* UpdateSong.swift */,
			);
			path = Views;
			sourceTree = "<group>";
		};
/* End PBXGroup section */

/* Begin PBXNativeTarget section */
		4D5F711B2952B3F400C753C2 /* Network Request Test */ = {
			isa = PBXNativeTarget;
			buildConfigurationList = 4D5F71402952B40400C753C2 /* Build configuration list for PBXNativeTarget "Network Request Test" */;
			buildPhases = (
				4D5F71182952B3F400C753C2 /* Sources */,
				4D5F71192952B3F400C753C2 /* Frameworks */,
				4D5F711A2952B3F400C753C2 /* Resources */,
			);
			buildRules = (
			);
			dependencies = (
			);
			name = "Network Request Test";
			productName = "Network Request Test";
			productReference = 4D5F711C2952B3F400C753C2 /* Network Request Test.app */;
			productType = "com.apple.product-type.application";
		};
		4D5F712B2952B40400C753C2 /* Network Request TestTests */ = {
			isa = PBXNativeTarget;
			buildConfigurationList = 4D5F71432952B40400C753C2 /* Build configuration list for PBXNativeTarget "Network Request TestTests" */;
			buildPhases = (
				4D5F71282952B40400C753C2 /* Sources */,
				4D5F71292952B40400C753C2 /* Frameworks */,
				4D5F712A2952B40400C753C2 /* Resources */,
			);
			buildRules = (
			);
			dependencies = (
				4D5F712E2952B40400C753C2 /* PBXTargetDependency */,
			);
			name = "Network Request TestTests";
			productName = "Network Request TestTests";
			productReference = 4D5F712C2952B40400C753C2 /* Network Request TestTests.xctest */;
			productType = "com.apple.product-type.bundle.unit-test";
		};
		4D5F71352952B40400C753C2 /* Network Request TestUITests */ = {
			isa = PBXNativeTarget;
			buildConfigurationList = 4D5F71462952B40400C753C2 /* Build configuration list for PBXNativeTarget "Network Request TestUITests" */;
			buildPhases = (
				4D5F71322952B40400C753C2 /* Sources */,
				4D5F71332952B40400C753C2 /* Frameworks */,
				4D5F71342952B40400C753C2 /* Resources */,
			);
			buildRules = (
			);
			dependencies = (
				4D5F71382952B40400C753C2 /* PBXTargetDependency */,
			);
			name = "Network Request TestUITests";
			productName = "Network Request TestUITests";
			productReference = 4D5F71362952B40400C753C2 /* Network Request TestUITests.xctest */;
			productType = "com.apple.product-type.bundle.ui-testing";
		};
/* End PBXNativeTarget section */

/* Begin PBXProject section */
		4D5F71142952B3F300C753C2 /* Project object */ = {
			isa = PBXProject;
			attributes = {
				BuildIndependentTargetsInParallel = 1;
				LastSwiftUpdateCheck = 1420;
				LastUpgradeCheck = 1420;
				TargetAttributes = {
					4D5F711B2952B3F400C753C2 = {
						CreatedOnToolsVersion = 14.2;
					};
					4D5F712B2952B40400C753C2 = {
						CreatedOnToolsVersion = 14.2;
						TestTargetID = 4D5F711B2952B3F400C753C2;
					};
					4D5F71352952B40400C753C2 = {
						CreatedOnToolsVersion = 14.2;
						TestTargetID = 4D5F711B2952B3F400C753C2;
					};
				};
			};
			buildConfigurationList = 4D5F71172952B3F300C753C2 /* Build configuration list for PBXProject "Network Request Test" */;
			compatibilityVersion = "Xcode 14.0";
			developmentRegion = en;
			hasScannedForEncodings = 0;
			knownRegions = (
				en,
				Base,
			);
			mainGroup = 4D5F71132952B3F300C753C2;
			productRefGroup = 4D5F711D2952B3F400C753C2 /* Products */;
			projectDirPath = "";
			projectRoot = "";
			targets = (
				4D5F711B2952B3F400C753C2 /* Network Request Test */,
				4D5F712B2952B40400C753C2 /* Network Request TestTests */,
				4D5F71352952B40400C753C2 /* Network Request TestUITests */,
			);
		};
/* End PBXProject section */

/* Begin PBXResourcesBuildPhase section */
		4D5F711A2952B3F400C753C2 /* Resources */ = {
			isa = PBXResourcesBuildPhase;
			buildActionMask = 2147483647;
			files = (
				4D5F71272952B40200C753C2 /* Preview Assets.xcassets in Resources */,
				4D5F71242952B40200C753C2 /* Assets.xcassets in Resources */,
			);
			runOnlyForDeploymentPostprocessing = 0;
		};
		4D5F712A2952B40400C753C2 /* Resources */ = {
			isa = PBXResourcesBuildPhase;
			buildActionMask = 2147483647;
			files = (
			);
			runOnlyForDeploymentPostprocessing = 0;
		};
		4D5F71342952B40400C753C2 /* Resources */ = {
			isa = PBXResourcesBuildPhase;
			buildActionMask = 2147483647;
			files = (
			);
			runOnlyForDeploymentPostprocessing = 0;
		};
/* End PBXResourcesBuildPhase section */

/* Begin PBXSourcesBuildPhase section */
		4D5F71182952B3F400C753C2 /* Sources */ = {
			isa = PBXSourcesBuildPhase;
			buildActionMask = 2147483647;
			files = (
				4DC871FA2954079C0035B8B2 /* SongList.swift in Sources */,
				4DC871F7295407770035B8B2 /* ModalType.swift in Sources */,
				4DC871EB295406CE0035B8B2 /* Song.swift in Sources */,
				4D5F714A2952B7D200C753C2 /* SampleMath.swift in Sources */,
				4DC871F52954075B0035B8B2 /* HttpClient.swift in Sources */,
				4DC871EE295406F70035B8B2 /* SongListViewModel.swift in Sources */,
				4D5F71222952B3F400C753C2 /* ContentView.swift in Sources */,
				4DC871FC295407BA0035B8B2 /* UpdateSong.swift in Sources */,
				4DC871F32954073F0035B8B2 /* Constants.swift in Sources */,
				4DC871F0295407150035B8B2 /* UpdateSongViewModel.swift in Sources */,
				4D5F71202952B3F400C753C2 /* Network_Request_TestApp.swift in Sources */,
			);
			runOnlyForDeploymentPostprocessing = 0;
		};
		4D5F71282952B40400C753C2 /* Sources */ = {
			isa = PBXSourcesBuildPhase;
			buildActionMask = 2147483647;
			files = (
				4D5F71312952B40400C753C2 /* Network_Request_TestTests.swift in Sources */,
			);
			runOnlyForDeploymentPostprocessing = 0;
		};
		4D5F71322952B40400C753C2 /* Sources */ = {
			isa = PBXSourcesBuildPhase;
			buildActionMask = 2147483647;
			files = (
				4D5F713B2952B40400C753C2 /* Network_Request_TestUITests.swift in Sources */,
				4D5F713D2952B40400C753C2 /* Network_Request_TestUITestsLaunchTests.swift in Sources */,
			);
			runOnlyForDeploymentPostprocessing = 0;
		};
/* End PBXSourcesBuildPhase section */

/* Begin PBXTargetDependency section */
		4D5F712E2952B40400C753C2 /* PBXTargetDependency */ = {
			isa = PBXTargetDependency;
			target = 4D5F711B2952B3F400C753C2 /* Network Request Test */;
			targetProxy = 4D5F712D2952B40400C753C2 /* PBXContainerItemProxy */;
		};
		4D5F71382952B40400C753C2 /* PBXTargetDependency */ = {
			isa = PBXTargetDependency;
			target = 4D5F711B2952B3F400C753C2 /* Network Request Test */;
			targetProxy = 4D5F71372952B40400C753C2 /* PBXContainerItemProxy */;
		};
/* End PBXTargetDependency section */

/* Begin XCBuildConfiguration section */
		4D5F713E2952B40400C753C2 /* Debug */ = {
			isa = XCBuildConfiguration;
			buildSettings = {
				ALWAYS_SEARCH_USER_PATHS = NO;
				CLANG_ANALYZER_NONNULL = YES;
				CLANG_ANALYZER_NUMBER_OBJECT_CONVERSION = YES_AGGRESSIVE;
				CLANG_CXX_LANGUAGE_STANDARD = "gnu++20";
				CLANG_ENABLE_MODULES = YES;
				CLANG_ENABLE_OBJC_ARC = YES;
				CLANG_ENABLE_OBJC_WEAK = YES;
				CLANG_WARN_BLOCK_CAPTURE_AUTORELEASING = YES;
				CLANG_WARN_BOOL_CONVERSION = YES;
				CLANG_WARN_COMMA = YES;
				CLANG_WARN_CONSTANT_CONVERSION = YES;
				CLANG_WARN_DEPRECATED_OBJC_IMPLEMENTATIONS = YES;
				CLANG_WARN_DIRECT_OBJC_ISA_USAGE = YES_ERROR;
				CLANG_WARN_DOCUMENTATION_COMMENTS = YES;
				CLANG_WARN_EMPTY_BODY = YES;
				CLANG_WARN_ENUM_CONVERSION = YES;
				CLANG_WARN_INFINITE_RECURSION = YES;
				CLANG_WARN_INT_CONVERSION = YES;
				CLANG_WARN_NON_LITERAL_NULL_CONVERSION = YES;
				CLANG_WARN_OBJC_IMPLICIT_RETAIN_SELF = YES;
				CLANG_WARN_OBJC_LITERAL_CONVERSION = YES;
				CLANG_WARN_OBJC_ROOT_CLASS = YES_ERROR;
				CLANG_WARN_QUOTED_INCLUDE_IN_FRAMEWORK_HEADER = YES;
				CLANG_WARN_RANGE_LOOP_ANALYSIS = YES;
				CLANG_WARN_STRICT_PROTOTYPES = YES;
				CLANG_WARN_SUSPICIOUS_MOVE = YES;
				CLANG_WARN_UNGUARDED_AVAILABILITY = YES_AGGRESSIVE;
				CLANG_WARN_UNREACHABLE_CODE = YES;
				CLANG_WARN__DUPLICATE_METHOD_MATCH = YES;
				COPY_PHASE_STRIP = NO;
				DEBUG_INFORMATION_FORMAT = dwarf;
				ENABLE_STRICT_OBJC_MSGSEND = YES;
				ENABLE_TESTABILITY = YES;
				GCC_C_LANGUAGE_STANDARD = gnu11;
				GCC_DYNAMIC_NO_PIC = NO;
				GCC_NO_COMMON_BLOCKS = YES;
				GCC_OPTIMIZATION_LEVEL = 0;
				GCC_PREPROCESSOR_DEFINITIONS = (
					"DEBUG=1",
					"$(inherited)",
				);
				GCC_WARN_64_TO_32_BIT_CONVERSION = YES;
				GCC_WARN_ABOUT_RETURN_TYPE = YES_ERROR;
				GCC_WARN_UNDECLARED_SELECTOR = YES;
				GCC_WARN_UNINITIALIZED_AUTOS = YES_AGGRESSIVE;
				GCC_WARN_UNUSED_FUNCTION = YES;
				GCC_WARN_UNUSED_VARIABLE = YES;
				IPHONEOS_DEPLOYMENT_TARGET = 16.2;
				MTL_ENABLE_DEBUG_INFO = INCLUDE_SOURCE;
				MTL_FAST_MATH = YES;
				ONLY_ACTIVE_ARCH = YES;
				SDKROOT = iphoneos;
				SWIFT_ACTIVE_COMPILATION_CONDITIONS = DEBUG;
				SWIFT_OPTIMIZATION_LEVEL = "-Onone";
			};
			name = Debug;
		};
		4D5F713F2952B40400C753C2 /* Release */ = {
			isa = XCBuildConfiguration;
			buildSettings = {
				ALWAYS_SEARCH_USER_PATHS = NO;
				CLANG_ANALYZER_NONNULL = YES;
				CLANG_ANALYZER_NUMBER_OBJECT_CONVERSION = YES_AGGRESSIVE;
				CLANG_CXX_LANGUAGE_STANDARD = "gnu++20";
				CLANG_ENABLE_MODULES = YES;
				CLANG_ENABLE_OBJC_ARC = YES;
				CLANG_ENABLE_OBJC_WEAK = YES;
				CLANG_WARN_BLOCK_CAPTURE_AUTORELEASING = YES;
				CLANG_WARN_BOOL_CONVERSION = YES;
				CLANG_WARN_COMMA = YES;
				CLANG_WARN_CONSTANT_CONVERSION = YES;
				CLANG_WARN_DEPRECATED_OBJC_IMPLEMENTATIONS = YES;
				CLANG_WARN_DIRECT_OBJC_ISA_USAGE = YES_ERROR;
				CLANG_WARN_DOCUMENTATION_COMMENTS = YES;
				CLANG_WARN_EMPTY_BODY = YES;
				CLANG_WARN_ENUM_CONVERSION = YES;
				CLANG_WARN_INFINITE_RECURSION = YES;
				CLANG_WARN_INT_CONVERSION = YES;
				CLANG_WARN_NON_LITERAL_NULL_CONVERSION = YES;
				CLANG_WARN_OBJC_IMPLICIT_RETAIN_SELF = YES;
				CLANG_WARN_OBJC_LITERAL_CONVERSION = YES;
				CLANG_WARN_OBJC_ROOT_CLASS = YES_ERROR;
				CLANG_WARN_QUOTED_INCLUDE_IN_FRAMEWORK_HEADER = YES;
				CLANG_WARN_RANGE_LOOP_ANALYSIS = YES;
				CLANG_WARN_STRICT_PROTOTYPES = YES;
				CLANG_WARN_SUSPICIOUS_MOVE = YES;
				CLANG_WARN_UNGUARDED_AVAILABILITY = YES_AGGRESSIVE;
				CLANG_WARN_UNREACHABLE_CODE = YES;
				CLANG_WARN__DUPLICATE_METHOD_MATCH = YES;
				COPY_PHASE_STRIP = NO;
				DEBUG_INFORMATION_FORMAT = "dwarf-with-dsym";
				ENABLE_NS_ASSERTIONS = NO;
				ENABLE_STRICT_OBJC_MSGSEND = YES;
				GCC_C_LANGUAGE_STANDARD = gnu11;
				GCC_NO_COMMON_BLOCKS = YES;
				GCC_WARN_64_TO_32_BIT_CONVERSION = YES;
				GCC_WARN_ABOUT_RETURN_TYPE = YES_ERROR;
				GCC_WARN_UNDECLARED_SELECTOR = YES;
				GCC_WARN_UNINITIALIZED_AUTOS = YES_AGGRESSIVE;
				GCC_WARN_UNUSED_FUNCTION = YES;
				GCC_WARN_UNUSED_VARIABLE = YES;
				IPHONEOS_DEPLOYMENT_TARGET = 16.2;
				MTL_ENABLE_DEBUG_INFO = NO;
				MTL_FAST_MATH = YES;
				SDKROOT = iphoneos;
				SWIFT_COMPILATION_MODE = wholemodule;
				SWIFT_OPTIMIZATION_LEVEL = "-O";
				VALIDATE_PRODUCT = YES;
			};
			name = Release;
		};
		4D5F71412952B40400C753C2 /* Debug */ = {
			isa = XCBuildConfiguration;
			buildSettings = {
				ASSETCATALOG_COMPILER_APPICON_NAME = AppIcon;
				ASSETCATALOG_COMPILER_GLOBAL_ACCENT_COLOR_NAME = AccentColor;
				CODE_SIGN_STYLE = Automatic;
				CURRENT_PROJECT_VERSION = 1;
				DEVELOPMENT_ASSET_PATHS = "\"Network Request Test/Preview Content\"";
				ENABLE_PREVIEWS = YES;
				GENERATE_INFOPLIST_FILE = YES;
				INFOPLIST_KEY_UIApplicationSceneManifest_Generation = YES;
				INFOPLIST_KEY_UIApplicationSupportsIndirectInputEvents = YES;
				INFOPLIST_KEY_UILaunchScreen_Generation = YES;
				INFOPLIST_KEY_UISupportedInterfaceOrientations_iPad = "UIInterfaceOrientationPortrait UIInterfaceOrientationPortraitUpsideDown UIInterfaceOrientationLandscapeLeft UIInterfaceOrientationLandscapeRight";
				INFOPLIST_KEY_UISupportedInterfaceOrientations_iPhone = "UIInterfaceOrientationPortrait UIInterfaceOrientationLandscapeLeft UIInterfaceOrientationLandscapeRight";
				LD_RUNPATH_SEARCH_PATHS = (
					"$(inherited)",
					"@executable_path/Frameworks",
				);
				MARKETING_VERSION = 1.0;
				PRODUCT_BUNDLE_IDENTIFIER = "israman.Network-Request-Test";
				PRODUCT_NAME = "$(TARGET_NAME)";
				SWIFT_EMIT_LOC_STRINGS = YES;
				SWIFT_VERSION = 5.0;
				TARGETED_DEVICE_FAMILY = "1,2";
			};
			name = Debug;
		};
		4D5F71422952B40400C753C2 /* Release */ = {
			isa = XCBuildConfiguration;
			buildSettings = {
				ASSETCATALOG_COMPILER_APPICON_NAME = AppIcon;
				ASSETCATALOG_COMPILER_GLOBAL_ACCENT_COLOR_NAME = AccentColor;
				CODE_SIGN_STYLE = Automatic;
				CURRENT_PROJECT_VERSION = 1;
				DEVELOPMENT_ASSET_PATHS = "\"Network Request Test/Preview Content\"";
				ENABLE_PREVIEWS = YES;
				GENERATE_INFOPLIST_FILE = YES;
				INFOPLIST_KEY_UIApplicationSceneManifest_Generation = YES;
				INFOPLIST_KEY_UIApplicationSupportsIndirectInputEvents = YES;
				INFOPLIST_KEY_UILaunchScreen_Generation = YES;
				INFOPLIST_KEY_UISupportedInterfaceOrientations_iPad = "UIInterfaceOrientationPortrait UIInterfaceOrientationPortraitUpsideDown UIInterfaceOrientationLandscapeLeft UIInterfaceOrientationLandscapeRight";
				INFOPLIST_KEY_UISupportedInterfaceOrientations_iPhone = "UIInterfaceOrientationPortrait UIInterfaceOrientationLandscapeLeft UIInterfaceOrientationLandscapeRight";
				LD_RUNPATH_SEARCH_PATHS = (
					"$(inherited)",
					"@executable_path/Frameworks",
				);
				MARKETING_VERSION = 1.0;
				PRODUCT_BUNDLE_IDENTIFIER = "israman.Network-Request-Test";
				PRODUCT_NAME = "$(TARGET_NAME)";
				SWIFT_EMIT_LOC_STRINGS = YES;
				SWIFT_VERSION = 5.0;
				TARGETED_DEVICE_FAMILY = "1,2";
			};
			name = Release;
		};
		4D5F71442952B40400C753C2 /* Debug */ = {
			isa = XCBuildConfiguration;
			buildSettings = {
				ALWAYS_EMBED_SWIFT_STANDARD_LIBRARIES = YES;
				BUNDLE_LOADER = "$(TEST_HOST)";
				CODE_SIGN_STYLE = Automatic;
				CURRENT_PROJECT_VERSION = 1;
				GENERATE_INFOPLIST_FILE = YES;
				IPHONEOS_DEPLOYMENT_TARGET = 16.2;
				MARKETING_VERSION = 1.0;
				PRODUCT_BUNDLE_IDENTIFIER = "israman.Network-Request-TestTests";
				PRODUCT_NAME = "$(TARGET_NAME)";
				SWIFT_EMIT_LOC_STRINGS = NO;
				SWIFT_VERSION = 5.0;
				TARGETED_DEVICE_FAMILY = "1,2";
				TEST_HOST = "$(BUILT_PRODUCTS_DIR)/Network Request Test.app/$(BUNDLE_EXECUTABLE_FOLDER_PATH)/Network Request Test";
			};
			name = Debug;
		};
		4D5F71452952B40400C753C2 /* Release */ = {
			isa = XCBuildConfiguration;
			buildSettings = {
				ALWAYS_EMBED_SWIFT_STANDARD_LIBRARIES = YES;
				BUNDLE_LOADER = "$(TEST_HOST)";
				CODE_SIGN_STYLE = Automatic;
				CURRENT_PROJECT_VERSION = 1;
				GENERATE_INFOPLIST_FILE = YES;
				IPHONEOS_DEPLOYMENT_TARGET = 16.2;
				MARKETING_VERSION = 1.0;
				PRODUCT_BUNDLE_IDENTIFIER = "israman.Network-Request-TestTests";
				PRODUCT_NAME = "$(TARGET_NAME)";
				SWIFT_EMIT_LOC_STRINGS = NO;
				SWIFT_VERSION = 5.0;
				TARGETED_DEVICE_FAMILY = "1,2";
				TEST_HOST = "$(BUILT_PRODUCTS_DIR)/Network Request Test.app/$(BUNDLE_EXECUTABLE_FOLDER_PATH)/Network Request Test";
			};
			name = Release;
		};
		4D5F71472952B40400C753C2 /* Debug */ = {
			isa = XCBuildConfiguration;
			buildSettings = {
				ALWAYS_EMBED_SWIFT_STANDARD_LIBRARIES = YES;
				CODE_SIGN_STYLE = Automatic;
				CURRENT_PROJECT_VERSION = 1;
				GENERATE_INFOPLIST_FILE = YES;
				MARKETING_VERSION = 1.0;
				PRODUCT_BUNDLE_IDENTIFIER = "israman.Network-Request-TestUITests";
				PRODUCT_NAME = "$(TARGET_NAME)";
				SWIFT_EMIT_LOC_STRINGS = NO;
				SWIFT_VERSION = 5.0;
				TARGETED_DEVICE_FAMILY = "1,2";
				TEST_TARGET_NAME = "Network Request Test";
			};
			name = Debug;
		};
		4D5F71482952B40400C753C2 /* Release */ = {
			isa = XCBuildConfiguration;
			buildSettings = {
				ALWAYS_EMBED_SWIFT_STANDARD_LIBRARIES = YES;
				CODE_SIGN_STYLE = Automatic;
				CURRENT_PROJECT_VERSION = 1;
				GENERATE_INFOPLIST_FILE = YES;
				MARKETING_VERSION = 1.0;
				PRODUCT_BUNDLE_IDENTIFIER = "israman.Network-Request-TestUITests";
				PRODUCT_NAME = "$(TARGET_NAME)";
				SWIFT_EMIT_LOC_STRINGS = NO;
				SWIFT_VERSION = 5.0;
				TARGETED_DEVICE_FAMILY = "1,2";
				TEST_TARGET_NAME = "Network Request Test";
			};
			name = Release;
		};
/* End XCBuildConfiguration section */

/* Begin XCConfigurationList section */
		4D5F71172952B3F300C753C2 /* Build configuration list for PBXProject "Network Request Test" */ = {
			isa = XCConfigurationList;
			buildConfigurations = (
				4D5F713E2952B40400C753C2 /* Debug */,
				4D5F713F2952B40400C753C2 /* Release */,
			);
			defaultConfigurationIsVisible = 0;
			defaultConfigurationName = Release;
		};
		4D5F71402952B40400C753C2 /* Build configuration list for PBXNativeTarget "Network Request Test" */ = {
			isa = XCConfigurationList;
			buildConfigurations = (
				4D5F71412952B40400C753C2 /* Debug */,
				4D5F71422952B40400C753C2 /* Release */,
			);
			defaultConfigurationIsVisible = 0;
			defaultConfigurationName = Release;
		};
		4D5F71432952B40400C753C2 /* Build configuration list for PBXNativeTarget "Network Request TestTests" */ = {
			isa = XCConfigurationList;
			buildConfigurations = (
				4D5F71442952B40400C753C2 /* Debug */,
				4D5F71452952B40400C753C2 /* Release */,
			);
			defaultConfigurationIsVisible = 0;
			defaultConfigurationName = Release;
		};
		4D5F71462952B40400C753C2 /* Build configuration list for PBXNativeTarget "Network Request TestUITests" */ = {
			isa = XCConfigurationList;
			buildConfigurations = (
				4D5F71472952B40400C753C2 /* Debug */,
				4D5F71482952B40400C753C2 /* Release */,
			);
			defaultConfigurationIsVisible = 0;
			defaultConfigurationName = Release;
		};
/* End XCConfigurationList section */
	};
	rootObject = 4D5F71142952B3F300C753C2 /* Project object */;
}
