// !$*UTF8*$!
{
	archiveVersion = 1;
	classes = {
	};
	objectVersion = 55;
	objects = {

/* Begin PBXBuildFile section */
		8D8D2C7E28179B3500524DA4 /* UnitTestingHTTPApp.swift in Sources */ = {isa = PBXBuildFile; fileRef = 8D8D2C7D28179B3500524DA4 /* UnitTestingHTTPApp.swift */; };
		8D8D2C8028179B3500524DA4 /* ContentView.swift in Sources */ = {isa = PBXBuildFile; fileRef = 8D8D2C7F28179B3500524DA4 /* ContentView.swift */; };
		8D8D2C8228179B3800524DA4 /* Assets.xcassets in Resources */ = {isa = PBXBuildFile; fileRef = 8D8D2C8128179B3800524DA4 /* Assets.xcassets */; };
		8D8D2C8528179B3800524DA4 /* Preview Assets.xcassets in Resources */ = {isa = PBXBuildFile; fileRef = 8D8D2C8428179B3800524DA4 /* Preview Assets.xcassets */; };
		8D8D2C8C28179CC100524DA4 /* Constants.swift in Sources */ = {isa = PBXBuildFile; fileRef = 8D8D2C8B28179CC100524DA4 /* Constants.swift */; };
		8D8D2C8E28179DDA00524DA4 /* Post.swift in Sources */ = {isa = PBXBuildFile; fileRef = 8D8D2C8D28179DDA00524DA4 /* Post.swift */; };
		8D8D2C9028179E3300524DA4 /* HTTPClient.swift in Sources */ = {isa = PBXBuildFile; fileRef = 8D8D2C8F28179E3300524DA4 /* HTTPClient.swift */; };
		8D8D2C922818D4A500524DA4 /* PostListViewModel.swift in Sources */ = {isa = PBXBuildFile; fileRef = 8D8D2C912818D4A500524DA4 /* PostListViewModel.swift */; };
		8D92F9C42818DCDD00F52802 /* AddUpdatePost.swift in Sources */ = {isa = PBXBuildFile; fileRef = 8D92F9C32818DCDD00F52802 /* AddUpdatePost.swift */; };
		8D92F9C62818DD3400F52802 /* AddUpdateViewModel.swift in Sources */ = {isa = PBXBuildFile; fileRef = 8D92F9C52818DD3400F52802 /* AddUpdateViewModel.swift */; };
		8D92F9CE2818E4CB00F52802 /* UnitTestingHTTPTests.swift in Sources */ = {isa = PBXBuildFile; fileRef = 8D92F9CD2818E4CB00F52802 /* UnitTestingHTTPTests.swift */; };
/* End PBXBuildFile section */

/* Begin PBXContainerItemProxy section */
		8D92F9CF2818E4CB00F52802 /* PBXContainerItemProxy */ = {
			isa = PBXContainerItemProxy;
			containerPortal = 8D8D2C7228179B3500524DA4 /* Project object */;
			proxyType = 1;
			remoteGlobalIDString = 8D8D2C7928179B3500524DA4;
			remoteInfo = UnitTestingHTTP;
		};
/* End PBXContainerItemProxy section */

/* Begin PBXFileReference section */
		8D8D2C7A28179B3500524DA4 /* UnitTestingHTTP.app */ = {isa = PBXFileReference; explicitFileType = wrapper.application; includeInIndex = 0; path = UnitTestingHTTP.app; sourceTree = BUILT_PRODUCTS_DIR; };
		8D8D2C7D28179B3500524DA4 /* UnitTestingHTTPApp.swift */ = {isa = PBXFileReference; lastKnownFileType = sourcecode.swift; path = UnitTestingHTTPApp.swift; sourceTree = "<group>"; };
		8D8D2C7F28179B3500524DA4 /* ContentView.swift */ = {isa = PBXFileReference; lastKnownFileType = sourcecode.swift; path = ContentView.swift; sourceTree = "<group>"; };
		8D8D2C8128179B3800524DA4 /* Assets.xcassets */ = {isa = PBXFileReference; lastKnownFileType = folder.assetcatalog; path = Assets.xcassets; sourceTree = "<group>"; };
		8D8D2C8428179B3800524DA4 /* Preview Assets.xcassets */ = {isa = PBXFileReference; lastKnownFileType = folder.assetcatalog; path = "Preview Assets.xcassets"; sourceTree = "<group>"; };
		8D8D2C8B28179CC100524DA4 /* Constants.swift */ = {isa = PBXFileReference; lastKnownFileType = sourcecode.swift; path = Constants.swift; sourceTree = "<group>"; };
		8D8D2C8D28179DDA00524DA4 /* Post.swift */ = {isa = PBXFileReference; lastKnownFileType = sourcecode.swift; path = Post.swift; sourceTree = "<group>"; };
		8D8D2C8F28179E3300524DA4 /* HTTPClient.swift */ = {isa = PBXFileReference; lastKnownFileType = sourcecode.swift; path = HTTPClient.swift; sourceTree = "<group>"; };
		8D8D2C912818D4A500524DA4 /* PostListViewModel.swift */ = {isa = PBXFileReference; lastKnownFileType = sourcecode.swift; path = PostListViewModel.swift; sourceTree = "<group>"; };
		8D92F9C32818DCDD00F52802 /* AddUpdatePost.swift */ = {isa = PBXFileReference; lastKnownFileType = sourcecode.swift; path = AddUpdatePost.swift; sourceTree = "<group>"; };
		8D92F9C52818DD3400F52802 /* AddUpdateViewModel.swift */ = {isa = PBXFileReference; lastKnownFileType = sourcecode.swift; path = AddUpdateViewModel.swift; sourceTree = "<group>"; };
		8D92F9CB2818E4CB00F52802 /* UnitTestingHTTPTests.xctest */ = {isa = PBXFileReference; explicitFileType = wrapper.cfbundle; includeInIndex = 0; path = UnitTestingHTTPTests.xctest; sourceTree = BUILT_PRODUCTS_DIR; };
		8D92F9CD2818E4CB00F52802 /* UnitTestingHTTPTests.swift */ = {isa = PBXFileReference; lastKnownFileType = sourcecode.swift; path = UnitTestingHTTPTests.swift; sourceTree = "<group>"; };
/* End PBXFileReference section */

/* Begin PBXFrameworksBuildPhase section */
		8D8D2C7728179B3500524DA4 /* Frameworks */ = {
			isa = PBXFrameworksBuildPhase;
			buildActionMask = 2147483647;
			files = (
			);
			runOnlyForDeploymentPostprocessing = 0;
		};
		8D92F9C82818E4CB00F52802 /* Frameworks */ = {
			isa = PBXFrameworksBuildPhase;
			buildActionMask = 2147483647;
			files = (
			);
			runOnlyForDeploymentPostprocessing = 0;
		};
/* End PBXFrameworksBuildPhase section */

/* Begin PBXGroup section */
		8D8D2C7128179B3500524DA4 = {
			isa = PBXGroup;
			children = (
				8D8D2C7C28179B3500524DA4 /* UnitTestingHTTP */,
				8D92F9CC2818E4CB00F52802 /* UnitTestingHTTPTests */,
				8D8D2C7B28179B3500524DA4 /* Products */,
			);
			sourceTree = "<group>";
		};
		8D8D2C7B28179B3500524DA4 /* Products */ = {
			isa = PBXGroup;
			children = (
				8D8D2C7A28179B3500524DA4 /* UnitTestingHTTP.app */,
				8D92F9CB2818E4CB00F52802 /* UnitTestingHTTPTests.xctest */,
			);
			name = Products;
			sourceTree = "<group>";
		};
		8D8D2C7C28179B3500524DA4 /* UnitTestingHTTP */ = {
			isa = PBXGroup;
			children = (
				8D8D2C7D28179B3500524DA4 /* UnitTestingHTTPApp.swift */,
				8D8D2C7F28179B3500524DA4 /* ContentView.swift */,
				8D92F9C32818DCDD00F52802 /* AddUpdatePost.swift */,
				8D8D2C8B28179CC100524DA4 /* Constants.swift */,
				8D8D2C8D28179DDA00524DA4 /* Post.swift */,
				8D8D2C8F28179E3300524DA4 /* HTTPClient.swift */,
				8D8D2C912818D4A500524DA4 /* PostListViewModel.swift */,
				8D92F9C52818DD3400F52802 /* AddUpdateViewModel.swift */,
				8D8D2C8128179B3800524DA4 /* Assets.xcassets */,
				8D8D2C8328179B3800524DA4 /* Preview Content */,
			);
			path = UnitTestingHTTP;
			sourceTree = "<group>";
		};
		8D8D2C8328179B3800524DA4 /* Preview Content */ = {
			isa = PBXGroup;
			children = (
				8D8D2C8428179B3800524DA4 /* Preview Assets.xcassets */,
			);
			path = "Preview Content";
			sourceTree = "<group>";
		};
		8D92F9CC2818E4CB00F52802 /* UnitTestingHTTPTests */ = {
			isa = PBXGroup;
			children = (
				8D92F9CD2818E4CB00F52802 /* UnitTestingHTTPTests.swift */,
			);
			path = UnitTestingHTTPTests;
			sourceTree = "<group>";
		};
/* End PBXGroup section */

/* Begin PBXNativeTarget section */
		8D8D2C7928179B3500524DA4 /* UnitTestingHTTP */ = {
			isa = PBXNativeTarget;
			buildConfigurationList = 8D8D2C8828179B3800524DA4 /* Build configuration list for PBXNativeTarget "UnitTestingHTTP" */;
			buildPhases = (
				8D8D2C7628179B3500524DA4 /* Sources */,
				8D8D2C7728179B3500524DA4 /* Frameworks */,
				8D8D2C7828179B3500524DA4 /* Resources */,
			);
			buildRules = (
			);
			dependencies = (
			);
			name = UnitTestingHTTP;
			productName = UnitTestingHTTP;
			productReference = 8D8D2C7A28179B3500524DA4 /* UnitTestingHTTP.app */;
			productType = "com.apple.product-type.application";
		};
		8D92F9CA2818E4CB00F52802 /* UnitTestingHTTPTests */ = {
			isa = PBXNativeTarget;
			buildConfigurationList = 8D92F9D12818E4CB00F52802 /* Build configuration list for PBXNativeTarget "UnitTestingHTTPTests" */;
			buildPhases = (
				8D92F9C72818E4CB00F52802 /* Sources */,
				8D92F9C82818E4CB00F52802 /* Frameworks */,
				8D92F9C92818E4CB00F52802 /* Resources */,
			);
			buildRules = (
			);
			dependencies = (
				8D92F9D02818E4CB00F52802 /* PBXTargetDependency */,
			);
			name = UnitTestingHTTPTests;
			productName = UnitTestingHTTPTests;
			productReference = 8D92F9CB2818E4CB00F52802 /* UnitTestingHTTPTests.xctest */;
			productType = "com.apple.product-type.bundle.unit-test";
		};
/* End PBXNativeTarget section */

/* Begin PBXProject section */
		8D8D2C7228179B3500524DA4 /* Project object */ = {
			isa = PBXProject;
			attributes = {
				BuildIndependentTargetsInParallel = 1;
				LastSwiftUpdateCheck = 1330;
				LastUpgradeCheck = 1330;
				TargetAttributes = {
					8D8D2C7928179B3500524DA4 = {
						CreatedOnToolsVersion = 13.3;
					};
					8D92F9CA2818E4CB00F52802 = {
						CreatedOnToolsVersion = 13.3;
						TestTargetID = 8D8D2C7928179B3500524DA4;
					};
				};
			};
			buildConfigurationList = 8D8D2C7528179B3500524DA4 /* Build configuration list for PBXProject "UnitTestingHTTP" */;
			compatibilityVersion = "Xcode 13.0";
			developmentRegion = en;
			hasScannedForEncodings = 0;
			knownRegions = (
				en,
				Base,
			);
			mainGroup = 8D8D2C7128179B3500524DA4;
			productRefGroup = 8D8D2C7B28179B3500524DA4 /* Products */;
			projectDirPath = "";
			projectRoot = "";
			targets = (
				8D8D2C7928179B3500524DA4 /* UnitTestingHTTP */,
				8D92F9CA2818E4CB00F52802 /* UnitTestingHTTPTests */,
			);
		};
/* End PBXProject section */

/* Begin PBXResourcesBuildPhase section */
		8D8D2C7828179B3500524DA4 /* Resources */ = {
			isa = PBXResourcesBuildPhase;
			buildActionMask = 2147483647;
			files = (
				8D8D2C8528179B3800524DA4 /* Preview Assets.xcassets in Resources */,
				8D8D2C8228179B3800524DA4 /* Assets.xcassets in Resources */,
			);
			runOnlyForDeploymentPostprocessing = 0;
		};
		8D92F9C92818E4CB00F52802 /* Resources */ = {
			isa = PBXResourcesBuildPhase;
			buildActionMask = 2147483647;
			files = (
			);
			runOnlyForDeploymentPostprocessing = 0;
		};
/* End PBXResourcesBuildPhase section */

/* Begin PBXSourcesBuildPhase section */
		8D8D2C7628179B3500524DA4 /* Sources */ = {
			isa = PBXSourcesBuildPhase;
			buildActionMask = 2147483647;
			files = (
				8D8D2C8028179B3500524DA4 /* ContentView.swift in Sources */,
				8D8D2C9028179E3300524DA4 /* HTTPClient.swift in Sources */,
				8D8D2C922818D4A500524DA4 /* PostListViewModel.swift in Sources */,
				8D92F9C62818DD3400F52802 /* AddUpdateViewModel.swift in Sources */,
				8D8D2C7E28179B3500524DA4 /* UnitTestingHTTPApp.swift in Sources */,
				8D92F9C42818DCDD00F52802 /* AddUpdatePost.swift in Sources */,
				8D8D2C8C28179CC100524DA4 /* Constants.swift in Sources */,
				8D8D2C8E28179DDA00524DA4 /* Post.swift in Sources */,
			);
			runOnlyForDeploymentPostprocessing = 0;
		};
		8D92F9C72818E4CB00F52802 /* Sources */ = {
			isa = PBXSourcesBuildPhase;
			buildActionMask = 2147483647;
			files = (
				8D92F9CE2818E4CB00F52802 /* UnitTestingHTTPTests.swift in Sources */,
			);
			runOnlyForDeploymentPostprocessing = 0;
		};
/* End PBXSourcesBuildPhase section */

/* Begin PBXTargetDependency section */
		8D92F9D02818E4CB00F52802 /* PBXTargetDependency */ = {
			isa = PBXTargetDependency;
			target = 8D8D2C7928179B3500524DA4 /* UnitTestingHTTP */;
			targetProxy = 8D92F9CF2818E4CB00F52802 /* PBXContainerItemProxy */;
		};
/* End PBXTargetDependency section */

/* Begin XCBuildConfiguration section */
		8D8D2C8628179B3800524DA4 /* Debug */ = {
			isa = XCBuildConfiguration;
			buildSettings = {
				ALWAYS_SEARCH_USER_PATHS = NO;
				CLANG_ANALYZER_NONNULL = YES;
				CLANG_ANALYZER_NUMBER_OBJECT_CONVERSION = YES_AGGRESSIVE;
				CLANG_CXX_LANGUAGE_STANDARD = "gnu++17";
				CLANG_ENABLE_MODULES = YES;
				CLANG_ENABLE_OBJC_ARC = YES;
				CLANG_ENABLE_OBJC_WEAK = YES;
				CLANG_WARN_BLOCK_CAPTURE_AUTORELEASING = YES;
				CLANG_WARN_BOOL_CONVERSION = YES;
				CLANG_WARN_COMMA = YES;
				CLANG_WARN_CONSTANT_CONVERSION = YES;
				CLANG_WARN_DEPRECATED_OBJC_IMPLEMENTATIONS = YES;
				CLANG_WARN_DIRECT_OBJC_ISA_USAGE = YES_ERROR;
				CLANG_WARN_DOCUMENTATION_COMMENTS = YES;
				CLANG_WARN_EMPTY_BODY = YES;
				CLANG_WARN_ENUM_CONVERSION = YES;
				CLANG_WARN_INFINITE_RECURSION = YES;
				CLANG_WARN_INT_CONVERSION = YES;
				CLANG_WARN_NON_LITERAL_NULL_CONVERSION = YES;
				CLANG_WARN_OBJC_IMPLICIT_RETAIN_SELF = YES;
				CLANG_WARN_OBJC_LITERAL_CONVERSION = YES;
				CLANG_WARN_OBJC_ROOT_CLASS = YES_ERROR;
				CLANG_WARN_QUOTED_INCLUDE_IN_FRAMEWORK_HEADER = YES;
				CLANG_WARN_RANGE_LOOP_ANALYSIS = YES;
				CLANG_WARN_STRICT_PROTOTYPES = YES;
				CLANG_WARN_SUSPICIOUS_MOVE = YES;
				CLANG_WARN_UNGUARDED_AVAILABILITY = YES_AGGRESSIVE;
				CLANG_WARN_UNREACHABLE_CODE = YES;
				CLANG_WARN__DUPLICATE_METHOD_MATCH = YES;
				COPY_PHASE_STRIP = NO;
				DEBUG_INFORMATION_FORMAT = dwarf;
				ENABLE_STRICT_OBJC_MSGSEND = YES;
				ENABLE_TESTABILITY = YES;
				GCC_C_LANGUAGE_STANDARD = gnu11;
				GCC_DYNAMIC_NO_PIC = NO;
				GCC_NO_COMMON_BLOCKS = YES;
				GCC_OPTIMIZATION_LEVEL = 0;
				GCC_PREPROCESSOR_DEFINITIONS = (
					"DEBUG=1",
					"$(inherited)",
				);
				GCC_WARN_64_TO_32_BIT_CONVERSION = YES;
				GCC_WARN_ABOUT_RETURN_TYPE = YES_ERROR;
				GCC_WARN_UNDECLARED_SELECTOR = YES;
				GCC_WARN_UNINITIALIZED_AUTOS = YES_AGGRESSIVE;
				GCC_WARN_UNUSED_FUNCTION = YES;
				GCC_WARN_UNUSED_VARIABLE = YES;
				IPHONEOS_DEPLOYMENT_TARGET = 15.4;
				MTL_ENABLE_DEBUG_INFO = INCLUDE_SOURCE;
				MTL_FAST_MATH = YES;
				ONLY_ACTIVE_ARCH = YES;
				SDKROOT = iphoneos;
				SWIFT_ACTIVE_COMPILATION_CONDITIONS = DEBUG;
				SWIFT_OPTIMIZATION_LEVEL = "-Onone";
			};
			name = Debug;
		};
		8D8D2C8728179B3800524DA4 /* Release */ = {
			isa = XCBuildConfiguration;
			buildSettings = {
				ALWAYS_SEARCH_USER_PATHS = NO;
				CLANG_ANALYZER_NONNULL = YES;
				CLANG_ANALYZER_NUMBER_OBJECT_CONVERSION = YES_AGGRESSIVE;
				CLANG_CXX_LANGUAGE_STANDARD = "gnu++17";
				CLANG_ENABLE_MODULES = YES;
				CLANG_ENABLE_OBJC_ARC = YES;
				CLANG_ENABLE_OBJC_WEAK = YES;
				CLANG_WARN_BLOCK_CAPTURE_AUTORELEASING = YES;
				CLANG_WARN_BOOL_CONVERSION = YES;
				CLANG_WARN_COMMA = YES;
				CLANG_WARN_CONSTANT_CONVERSION = YES;
				CLANG_WARN_DEPRECATED_OBJC_IMPLEMENTATIONS = YES;
				CLANG_WARN_DIRECT_OBJC_ISA_USAGE = YES_ERROR;
				CLANG_WARN_DOCUMENTATION_COMMENTS = YES;
				CLANG_WARN_EMPTY_BODY = YES;
				CLANG_WARN_ENUM_CONVERSION = YES;
				CLANG_WARN_INFINITE_RECURSION = YES;
				CLANG_WARN_INT_CONVERSION = YES;
				CLANG_WARN_NON_LITERAL_NULL_CONVERSION = YES;
				CLANG_WARN_OBJC_IMPLICIT_RETAIN_SELF = YES;
				CLANG_WARN_OBJC_LITERAL_CONVERSION = YES;
				CLANG_WARN_OBJC_ROOT_CLASS = YES_ERROR;
				CLANG_WARN_QUOTED_INCLUDE_IN_FRAMEWORK_HEADER = YES;
				CLANG_WARN_RANGE_LOOP_ANALYSIS = YES;
				CLANG_WARN_STRICT_PROTOTYPES = YES;
				CLANG_WARN_SUSPICIOUS_MOVE = YES;
				CLANG_WARN_UNGUARDED_AVAILABILITY = YES_AGGRESSIVE;
				CLANG_WARN_UNREACHABLE_CODE = YES;
				CLANG_WARN__DUPLICATE_METHOD_MATCH = YES;
				COPY_PHASE_STRIP = NO;
				DEBUG_INFORMATION_FORMAT = "dwarf-with-dsym";
				ENABLE_NS_ASSERTIONS = NO;
				ENABLE_STRICT_OBJC_MSGSEND = YES;
				GCC_C_LANGUAGE_STANDARD = gnu11;
				GCC_NO_COMMON_BLOCKS = YES;
				GCC_WARN_64_TO_32_BIT_CONVERSION = YES;
				GCC_WARN_ABOUT_RETURN_TYPE = YES_ERROR;
				GCC_WARN_UNDECLARED_SELECTOR = YES;
				GCC_WARN_UNINITIALIZED_AUTOS = YES_AGGRESSIVE;
				GCC_WARN_UNUSED_FUNCTION = YES;
				GCC_WARN_UNUSED_VARIABLE = YES;
				IPHONEOS_DEPLOYMENT_TARGET = 15.4;
				MTL_ENABLE_DEBUG_INFO = NO;
				MTL_FAST_MATH = YES;
				SDKROOT = iphoneos;
				SWIFT_COMPILATION_MODE = wholemodule;
				SWIFT_OPTIMIZATION_LEVEL = "-O";
				VALIDATE_PRODUCT = YES;
			};
			name = Release;
		};
		8D8D2C8928179B3800524DA4 /* Debug */ = {
			isa = XCBuildConfiguration;
			buildSettings = {
				ASSETCATALOG_COMPILER_APPICON_NAME = AppIcon;
				ASSETCATALOG_COMPILER_GLOBAL_ACCENT_COLOR_NAME = AccentColor;
				CODE_SIGN_STYLE = Automatic;
				CURRENT_PROJECT_VERSION = 1;
				DEVELOPMENT_ASSET_PATHS = "\"UnitTestingHTTP/Preview Content\"";
				DEVELOPMENT_TEAM = 6DC9LP75VX;
				ENABLE_PREVIEWS = YES;
				GENERATE_INFOPLIST_FILE = YES;
				INFOPLIST_KEY_UIApplicationSceneManifest_Generation = YES;
				INFOPLIST_KEY_UIApplicationSupportsIndirectInputEvents = YES;
				INFOPLIST_KEY_UILaunchScreen_Generation = YES;
				INFOPLIST_KEY_UISupportedInterfaceOrientations_iPad = "UIInterfaceOrientationPortrait UIInterfaceOrientationPortraitUpsideDown UIInterfaceOrientationLandscapeLeft UIInterfaceOrientationLandscapeRight";
				INFOPLIST_KEY_UISupportedInterfaceOrientations_iPhone = "UIInterfaceOrientationPortrait UIInterfaceOrientationLandscapeLeft UIInterfaceOrientationLandscapeRight";
				LD_RUNPATH_SEARCH_PATHS = (
					"$(inherited)",
					"@executable_path/Frameworks",
				);
				MARKETING_VERSION = 1.0;
				PRODUCT_BUNDLE_IDENTIFIER = com.israman.UnitTestingHTTP;
				PRODUCT_NAME = "$(TARGET_NAME)";
				SWIFT_EMIT_LOC_STRINGS = YES;
				SWIFT_VERSION = 5.0;
				TARGETED_DEVICE_FAMILY = "1,2";
			};
			name = Debug;
		};
		8D8D2C8A28179B3800524DA4 /* Release */ = {
			isa = XCBuildConfiguration;
			buildSettings = {
				ASSETCATALOG_COMPILER_APPICON_NAME = AppIcon;
				ASSETCATALOG_COMPILER_GLOBAL_ACCENT_COLOR_NAME = AccentColor;
				CODE_SIGN_STYLE = Automatic;
				CURRENT_PROJECT_VERSION = 1;
				DEVELOPMENT_ASSET_PATHS = "\"UnitTestingHTTP/Preview Content\"";
				DEVELOPMENT_TEAM = 6DC9LP75VX;
				ENABLE_PREVIEWS = YES;
				GENERATE_INFOPLIST_FILE = YES;
				INFOPLIST_KEY_UIApplicationSceneManifest_Generation = YES;
				INFOPLIST_KEY_UIApplicationSupportsIndirectInputEvents = YES;
				INFOPLIST_KEY_UILaunchScreen_Generation = YES;
				INFOPLIST_KEY_UISupportedInterfaceOrientations_iPad = "UIInterfaceOrientationPortrait UIInterfaceOrientationPortraitUpsideDown UIInterfaceOrientationLandscapeLeft UIInterfaceOrientationLandscapeRight";
				INFOPLIST_KEY_UISupportedInterfaceOrientations_iPhone = "UIInterfaceOrientationPortrait UIInterfaceOrientationLandscapeLeft UIInterfaceOrientationLandscapeRight";
				LD_RUNPATH_SEARCH_PATHS = (
					"$(inherited)",
					"@executable_path/Frameworks",
				);
				MARKETING_VERSION = 1.0;
				PRODUCT_BUNDLE_IDENTIFIER = com.israman.UnitTestingHTTP;
				PRODUCT_NAME = "$(TARGET_NAME)";
				SWIFT_EMIT_LOC_STRINGS = YES;
				SWIFT_VERSION = 5.0;
				TARGETED_DEVICE_FAMILY = "1,2";
			};
			name = Release;
		};
		8D92F9D22818E4CB00F52802 /* Debug */ = {
			isa = XCBuildConfiguration;
			buildSettings = {
				BUNDLE_LOADER = "$(TEST_HOST)";
				CODE_SIGN_STYLE = Automatic;
				CURRENT_PROJECT_VERSION = 1;
				DEVELOPMENT_TEAM = 6DC9LP75VX;
				GENERATE_INFOPLIST_FILE = YES;
				MARKETING_VERSION = 1.0;
				PRODUCT_BUNDLE_IDENTIFIER = com.israman.UnitTestingHTTPTests;
				PRODUCT_NAME = "$(TARGET_NAME)";
				SWIFT_EMIT_LOC_STRINGS = NO;
				SWIFT_VERSION = 5.0;
				TARGETED_DEVICE_FAMILY = "1,2";
				TEST_HOST = "$(BUILT_PRODUCTS_DIR)/UnitTestingHTTP.app/UnitTestingHTTP";
			};
			name = Debug;
		};
		8D92F9D32818E4CB00F52802 /* Release */ = {
			isa = XCBuildConfiguration;
			buildSettings = {
				BUNDLE_LOADER = "$(TEST_HOST)";
				CODE_SIGN_STYLE = Automatic;
				CURRENT_PROJECT_VERSION = 1;
				DEVELOPMENT_TEAM = 6DC9LP75VX;
				GENERATE_INFOPLIST_FILE = YES;
				MARKETING_VERSION = 1.0;
				PRODUCT_BUNDLE_IDENTIFIER = com.israman.UnitTestingHTTPTests;
				PRODUCT_NAME = "$(TARGET_NAME)";
				SWIFT_EMIT_LOC_STRINGS = NO;
				SWIFT_VERSION = 5.0;
				TARGETED_DEVICE_FAMILY = "1,2";
				TEST_HOST = "$(BUILT_PRODUCTS_DIR)/UnitTestingHTTP.app/UnitTestingHTTP";
			};
			name = Release;
		};
/* End XCBuildConfiguration section */

/* Begin XCConfigurationList section */
		8D8D2C7528179B3500524DA4 /* Build configuration list for PBXProject "UnitTestingHTTP" */ = {
			isa = XCConfigurationList;
			buildConfigurations = (
				8D8D2C8628179B3800524DA4 /* Debug */,
				8D8D2C8728179B3800524DA4 /* Release */,
			);
			defaultConfigurationIsVisible = 0;
			defaultConfigurationName = Release;
		};
		8D8D2C8828179B3800524DA4 /* Build configuration list for PBXNativeTarget "UnitTestingHTTP" */ = {
			isa = XCConfigurationList;
			buildConfigurations = (
				8D8D2C8928179B3800524DA4 /* Debug */,
				8D8D2C8A28179B3800524DA4 /* Release */,
			);
			defaultConfigurationIsVisible = 0;
			defaultConfigurationName = Release;
		};
		8D92F9D12818E4CB00F52802 /* Build configuration list for PBXNativeTarget "UnitTestingHTTPTests" */ = {
			isa = XCConfigurationList;
			buildConfigurations = (
				8D92F9D22818E4CB00F52802 /* Debug */,
				8D92F9D32818E4CB00F52802 /* Release */,
			);
			defaultConfigurationIsVisible = 0;
			defaultConfigurationName = Release;
		};
/* End XCConfigurationList section */
	};
	rootObject = 8D8D2C7228179B3500524DA4 /* Project object */;
}
