// !$*UTF8*$!
{
	archiveVersion = 1;
	classes = {
	};
	objectVersion = 55;
	objects = {

/* Begin PBXBuildFile section */
		8D92FA552820B3C500F52802 /* AppDelegate.swift in Sources */ = {isa = PBXBuildFile; fileRef = 8D92FA542820B3C500F52802 /* AppDelegate.swift */; };
		8D92FA572820B3C500F52802 /* SceneDelegate.swift in Sources */ = {isa = PBXBuildFile; fileRef = 8D92FA562820B3C500F52802 /* SceneDelegate.swift */; };
		8D92FA592820B3C500F52802 /* ViewController.swift in Sources */ = {isa = PBXBuildFile; fileRef = 8D92FA582820B3C500F52802 /* ViewController.swift */; };
		8D92FA5C2820B3C500F52802 /* Main.storyboard in Resources */ = {isa = PBXBuildFile; fileRef = 8D92FA5A2820B3C500F52802 /* Main.storyboard */; };
		8D92FA5E2820B3CB00F52802 /* Assets.xcassets in Resources */ = {isa = PBXBuildFile; fileRef = 8D92FA5D2820B3CB00F52802 /* Assets.xcassets */; };
		8D92FA612820B3CB00F52802 /* LaunchScreen.storyboard in Resources */ = {isa = PBXBuildFile; fileRef = 8D92FA5F2820B3CB00F52802 /* LaunchScreen.storyboard */; };
		8D9596002820B6150084E5BC /* SignUpFormModelValidatorTest.swift in Sources */ = {isa = PBXBuildFile; fileRef = 8D9595FF2820B6150084E5BC /* SignUpFormModelValidatorTest.swift */; };
		8D9596022820B72F0084E5BC /* SignUpFormModelValidator.swift in Sources */ = {isa = PBXBuildFile; fileRef = 8D9596012820B72F0084E5BC /* SignUpFormModelValidator.swift */; };
		8D9596042820BC640084E5BC /* SignupConstants.swift in Sources */ = {isa = PBXBuildFile; fileRef = 8D9596032820BC640084E5BC /* SignupConstants.swift */; };
		8D9D4A4B2841BE77002083E3 /* SignupPresenterTest.swift in Sources */ = {isa = PBXBuildFile; fileRef = 8D9D4A4A2841BE77002083E3 /* SignupPresenterTest.swift */; };
		8D9D4A4D2841BF66002083E3 /* SignupFormModel.swift in Sources */ = {isa = PBXBuildFile; fileRef = 8D9D4A4C2841BF66002083E3 /* SignupFormModel.swift */; };
		8D9D4A4F2841C0E9002083E3 /* SignupPresenter.swift in Sources */ = {isa = PBXBuildFile; fileRef = 8D9D4A4E2841C0E9002083E3 /* SignupPresenter.swift */; };
		8D9D4A512841C211002083E3 /* MockSignupModelValidator.swift in Sources */ = {isa = PBXBuildFile; fileRef = 8D9D4A502841C211002083E3 /* MockSignupModelValidator.swift */; };
		8DB8E643282218B200F6581D /* SignupWebServicesTest.swift in Sources */ = {isa = PBXBuildFile; fileRef = 8DB8E642282218B200F6581D /* SignupWebServicesTest.swift */; };
		8DB8E6452822192700F6581D /* SignupWebServices.swift in Sources */ = {isa = PBXBuildFile; fileRef = 8DB8E6442822192700F6581D /* SignupWebServices.swift */; };
		8DB8E64728221A3500F6581D /* SignupFormRequestModel.swift in Sources */ = {isa = PBXBuildFile; fileRef = 8DB8E64628221A3500F6581D /* SignupFormRequestModel.swift */; };
		8DB8E64928221D4900F6581D /* SignupResponseModel.swift in Sources */ = {isa = PBXBuildFile; fileRef = 8DB8E64828221D4900F6581D /* SignupResponseModel.swift */; };
		8DB8E64B28221D9F00F6581D /* SignupError.swift in Sources */ = {isa = PBXBuildFile; fileRef = 8DB8E64A28221D9F00F6581D /* SignupError.swift */; };
		8DB8E6512824B99900F6581D /* MockURLProtocol.swift in Sources */ = {isa = PBXBuildFile; fileRef = 8DB8E6502824B99900F6581D /* MockURLProtocol.swift */; };
/* End PBXBuildFile section */

/* Begin PBXContainerItemProxy section */
		8D92FA702820B48000F52802 /* PBXContainerItemProxy */ = {
			isa = PBXContainerItemProxy;
			containerPortal = 8D92FA492820B3C500F52802 /* Project object */;
			proxyType = 1;
			remoteGlobalIDString = 8D92FA502820B3C500F52802;
			remoteInfo = PhotoAlbumWithUnitTest;
		};
/* End PBXContainerItemProxy section */

/* Begin PBXFileReference section */
		8D92FA512820B3C500F52802 /* PhotoAlbumWithUnitTest.app */ = {isa = PBXFileReference; explicitFileType = wrapper.application; includeInIndex = 0; path = PhotoAlbumWithUnitTest.app; sourceTree = BUILT_PRODUCTS_DIR; };
		8D92FA542820B3C500F52802 /* AppDelegate.swift */ = {isa = PBXFileReference; lastKnownFileType = sourcecode.swift; path = AppDelegate.swift; sourceTree = "<group>"; };
		8D92FA562820B3C500F52802 /* SceneDelegate.swift */ = {isa = PBXFileReference; lastKnownFileType = sourcecode.swift; path = SceneDelegate.swift; sourceTree = "<group>"; };
		8D92FA582820B3C500F52802 /* ViewController.swift */ = {isa = PBXFileReference; lastKnownFileType = sourcecode.swift; path = ViewController.swift; sourceTree = "<group>"; };
		8D92FA5B2820B3C500F52802 /* Base */ = {isa = PBXFileReference; lastKnownFileType = file.storyboard; name = Base; path = Base.lproj/Main.storyboard; sourceTree = "<group>"; };
		8D92FA5D2820B3CB00F52802 /* Assets.xcassets */ = {isa = PBXFileReference; lastKnownFileType = folder.assetcatalog; path = Assets.xcassets; sourceTree = "<group>"; };
		8D92FA602820B3CB00F52802 /* Base */ = {isa = PBXFileReference; lastKnownFileType = file.storyboard; name = Base; path = Base.lproj/LaunchScreen.storyboard; sourceTree = "<group>"; };
		8D92FA622820B3CB00F52802 /* Info.plist */ = {isa = PBXFileReference; lastKnownFileType = text.plist.xml; path = Info.plist; sourceTree = "<group>"; };
		8D92FA6C2820B47F00F52802 /* PhotoAlbumWithUnitTestTests.xctest */ = {isa = PBXFileReference; explicitFileType = wrapper.cfbundle; includeInIndex = 0; path = PhotoAlbumWithUnitTestTests.xctest; sourceTree = BUILT_PRODUCTS_DIR; };
		8D9595FF2820B6150084E5BC /* SignUpFormModelValidatorTest.swift */ = {isa = PBXFileReference; lastKnownFileType = sourcecode.swift; path = SignUpFormModelValidatorTest.swift; sourceTree = "<group>"; };
		8D9596012820B72F0084E5BC /* SignUpFormModelValidator.swift */ = {isa = PBXFileReference; lastKnownFileType = sourcecode.swift; path = SignUpFormModelValidator.swift; sourceTree = "<group>"; };
		8D9596032820BC640084E5BC /* SignupConstants.swift */ = {isa = PBXFileReference; lastKnownFileType = sourcecode.swift; path = SignupConstants.swift; sourceTree = "<group>"; };
		8D9D4A4A2841BE77002083E3 /* SignupPresenterTest.swift */ = {isa = PBXFileReference; lastKnownFileType = sourcecode.swift; path = SignupPresenterTest.swift; sourceTree = "<group>"; };
		8D9D4A4C2841BF66002083E3 /* SignupFormModel.swift */ = {isa = PBXFileReference; lastKnownFileType = sourcecode.swift; path = SignupFormModel.swift; sourceTree = "<group>"; };
		8D9D4A4E2841C0E9002083E3 /* SignupPresenter.swift */ = {isa = PBXFileReference; lastKnownFileType = sourcecode.swift; path = SignupPresenter.swift; sourceTree = "<group>"; };
		8D9D4A502841C211002083E3 /* MockSignupModelValidator.swift */ = {isa = PBXFileReference; lastKnownFileType = sourcecode.swift; path = MockSignupModelValidator.swift; sourceTree = "<group>"; };
		8DB8E642282218B200F6581D /* SignupWebServicesTest.swift */ = {isa = PBXFileReference; lastKnownFileType = sourcecode.swift; path = SignupWebServicesTest.swift; sourceTree = "<group>"; };
		8DB8E6442822192700F6581D /* SignupWebServices.swift */ = {isa = PBXFileReference; lastKnownFileType = sourcecode.swift; path = SignupWebServices.swift; sourceTree = "<group>"; };
		8DB8E64628221A3500F6581D /* SignupFormRequestModel.swift */ = {isa = PBXFileReference; lastKnownFileType = sourcecode.swift; path = SignupFormRequestModel.swift; sourceTree = "<group>"; };
		8DB8E64828221D4900F6581D /* SignupResponseModel.swift */ = {isa = PBXFileReference; lastKnownFileType = sourcecode.swift; path = SignupResponseModel.swift; sourceTree = "<group>"; };
		8DB8E64A28221D9F00F6581D /* SignupError.swift */ = {isa = PBXFileReference; lastKnownFileType = sourcecode.swift; path = SignupError.swift; sourceTree = "<group>"; };
		8DB8E6502824B99900F6581D /* MockURLProtocol.swift */ = {isa = PBXFileReference; lastKnownFileType = sourcecode.swift; path = MockURLProtocol.swift; sourceTree = "<group>"; };
/* End PBXFileReference section */

/* Begin PBXFrameworksBuildPhase section */
		8D92FA4E2820B3C500F52802 /* Frameworks */ = {
			isa = PBXFrameworksBuildPhase;
			buildActionMask = 2147483647;
			files = (
			);
			runOnlyForDeploymentPostprocessing = 0;
		};
		8D92FA692820B47F00F52802 /* Frameworks */ = {
			isa = PBXFrameworksBuildPhase;
			buildActionMask = 2147483647;
			files = (
			);
			runOnlyForDeploymentPostprocessing = 0;
		};
/* End PBXFrameworksBuildPhase section */

/* Begin PBXGroup section */
		8D92FA482820B3C500F52802 = {
			isa = PBXGroup;
			children = (
				8D92FA532820B3C500F52802 /* PhotoAlbumWithUnitTest */,
				8D92FA6D2820B48000F52802 /* PhotoAlbumWithUnitTestTests */,
				8D92FA522820B3C500F52802 /* Products */,
			);
			sourceTree = "<group>";
		};
		8D92FA522820B3C500F52802 /* Products */ = {
			isa = PBXGroup;
			children = (
				8D92FA512820B3C500F52802 /* PhotoAlbumWithUnitTest.app */,
				8D92FA6C2820B47F00F52802 /* PhotoAlbumWithUnitTestTests.xctest */,
			);
			name = Products;
			sourceTree = "<group>";
		};
		8D92FA532820B3C500F52802 /* PhotoAlbumWithUnitTest */ = {
			isa = PBXGroup;
			children = (
				8DB8E64C28221DF600F6581D /* Signup */,
				8D92FA542820B3C500F52802 /* AppDelegate.swift */,
				8D92FA562820B3C500F52802 /* SceneDelegate.swift */,
				8D92FA5A2820B3C500F52802 /* Main.storyboard */,
				8D92FA5D2820B3CB00F52802 /* Assets.xcassets */,
				8D92FA5F2820B3CB00F52802 /* LaunchScreen.storyboard */,
				8D92FA622820B3CB00F52802 /* Info.plist */,
			);
			path = PhotoAlbumWithUnitTest;
			sourceTree = "<group>";
		};
		8D92FA6D2820B48000F52802 /* PhotoAlbumWithUnitTestTests */ = {
			isa = PBXGroup;
			children = (
				8D9595FF2820B6150084E5BC /* SignUpFormModelValidatorTest.swift */,
				8DB8E642282218B200F6581D /* SignupWebServicesTest.swift */,
				8DB8E6502824B99900F6581D /* MockURLProtocol.swift */,
				8D9D4A4A2841BE77002083E3 /* SignupPresenterTest.swift */,
				8D9D4A502841C211002083E3 /* MockSignupModelValidator.swift */,
			);
			path = PhotoAlbumWithUnitTestTests;
			sourceTree = "<group>";
		};
		8DB8E64C28221DF600F6581D /* Signup */ = {
			isa = PBXGroup;
			children = (
				8DB8E64F28221EAB00F6581D /* Network */,
				8DB8E64E28221E7300F6581D /* Controllers */,
				8DB8E64D28221E1500F6581D /* Models */,
				8D9D4A4E2841C0E9002083E3 /* SignupPresenter.swift */,
			);
			path = Signup;
			sourceTree = "<group>";
		};
		8DB8E64D28221E1500F6581D /* Models */ = {
			isa = PBXGroup;
			children = (
				8D9596032820BC640084E5BC /* SignupConstants.swift */,
				8D9596012820B72F0084E5BC /* SignUpFormModelValidator.swift */,
				8DB8E64628221A3500F6581D /* SignupFormRequestModel.swift */,
				8DB8E64A28221D9F00F6581D /* SignupError.swift */,
				8DB8E64828221D4900F6581D /* SignupResponseModel.swift */,
				8D9D4A4C2841BF66002083E3 /* SignupFormModel.swift */,
			);
			path = Models;
			sourceTree = "<group>";
		};
		8DB8E64E28221E7300F6581D /* Controllers */ = {
			isa = PBXGroup;
			children = (
				8D92FA582820B3C500F52802 /* ViewController.swift */,
			);
			path = Controllers;
			sourceTree = "<group>";
		};
		8DB8E64F28221EAB00F6581D /* Network */ = {
			isa = PBXGroup;
			children = (
				8DB8E6442822192700F6581D /* SignupWebServices.swift */,
			);
			path = Network;
			sourceTree = "<group>";
		};
/* End PBXGroup section */

/* Begin PBXNativeTarget section */
		8D92FA502820B3C500F52802 /* PhotoAlbumWithUnitTest */ = {
			isa = PBXNativeTarget;
			buildConfigurationList = 8D92FA652820B3CB00F52802 /* Build configuration list for PBXNativeTarget "PhotoAlbumWithUnitTest" */;
			buildPhases = (
				8D92FA4D2820B3C500F52802 /* Sources */,
				8D92FA4E2820B3C500F52802 /* Frameworks */,
				8D92FA4F2820B3C500F52802 /* Resources */,
			);
			buildRules = (
			);
			dependencies = (
			);
			name = PhotoAlbumWithUnitTest;
			productName = PhotoAlbumWithUnitTest;
			productReference = 8D92FA512820B3C500F52802 /* PhotoAlbumWithUnitTest.app */;
			productType = "com.apple.product-type.application";
		};
		8D92FA6B2820B47F00F52802 /* PhotoAlbumWithUnitTestTests */ = {
			isa = PBXNativeTarget;
			buildConfigurationList = 8D92FA722820B48000F52802 /* Build configuration list for PBXNativeTarget "PhotoAlbumWithUnitTestTests" */;
			buildPhases = (
				8D92FA682820B47F00F52802 /* Sources */,
				8D92FA692820B47F00F52802 /* Frameworks */,
				8D92FA6A2820B47F00F52802 /* Resources */,
			);
			buildRules = (
			);
			dependencies = (
				8D92FA712820B48000F52802 /* PBXTargetDependency */,
			);
			name = PhotoAlbumWithUnitTestTests;
			productName = PhotoAlbumWithUnitTestTests;
			productReference = 8D92FA6C2820B47F00F52802 /* PhotoAlbumWithUnitTestTests.xctest */;
			productType = "com.apple.product-type.bundle.unit-test";
		};
/* End PBXNativeTarget section */

/* Begin PBXProject section */
		8D92FA492820B3C500F52802 /* Project object */ = {
			isa = PBXProject;
			attributes = {
				BuildIndependentTargetsInParallel = 1;
				LastSwiftUpdateCheck = 1330;
				LastUpgradeCheck = 1330;
				TargetAttributes = {
					8D92FA502820B3C500F52802 = {
						CreatedOnToolsVersion = 13.3;
					};
					8D92FA6B2820B47F00F52802 = {
						CreatedOnToolsVersion = 13.3;
						LastSwiftMigration = 1330;
						TestTargetID = 8D92FA502820B3C500F52802;
					};
				};
			};
			buildConfigurationList = 8D92FA4C2820B3C500F52802 /* Build configuration list for PBXProject "PhotoAlbumWithUnitTest" */;
			compatibilityVersion = "Xcode 13.0";
			developmentRegion = en;
			hasScannedForEncodings = 0;
			knownRegions = (
				en,
				Base,
			);
			mainGroup = 8D92FA482820B3C500F52802;
			productRefGroup = 8D92FA522820B3C500F52802 /* Products */;
			projectDirPath = "";
			projectRoot = "";
			targets = (
				8D92FA502820B3C500F52802 /* PhotoAlbumWithUnitTest */,
				8D92FA6B2820B47F00F52802 /* PhotoAlbumWithUnitTestTests */,
			);
		};
/* End PBXProject section */

/* Begin PBXResourcesBuildPhase section */
		8D92FA4F2820B3C500F52802 /* Resources */ = {
			isa = PBXResourcesBuildPhase;
			buildActionMask = 2147483647;
			files = (
				8D92FA612820B3CB00F52802 /* LaunchScreen.storyboard in Resources */,
				8D92FA5E2820B3CB00F52802 /* Assets.xcassets in Resources */,
				8D92FA5C2820B3C500F52802 /* Main.storyboard in Resources */,
			);
			runOnlyForDeploymentPostprocessing = 0;
		};
		8D92FA6A2820B47F00F52802 /* Resources */ = {
			isa = PBXResourcesBuildPhase;
			buildActionMask = 2147483647;
			files = (
			);
			runOnlyForDeploymentPostprocessing = 0;
		};
/* End PBXResourcesBuildPhase section */

/* Begin PBXSourcesBuildPhase section */
		8D92FA4D2820B3C500F52802 /* Sources */ = {
			isa = PBXSourcesBuildPhase;
			buildActionMask = 2147483647;
			files = (
				8D9D4A4F2841C0E9002083E3 /* SignupPresenter.swift in Sources */,
				8DB8E6452822192700F6581D /* SignupWebServices.swift in Sources */,
				8D92FA592820B3C500F52802 /* ViewController.swift in Sources */,
				8DB8E64B28221D9F00F6581D /* SignupError.swift in Sources */,
				8DB8E64928221D4900F6581D /* SignupResponseModel.swift in Sources */,
				8D92FA552820B3C500F52802 /* AppDelegate.swift in Sources */,
				8D9D4A4D2841BF66002083E3 /* SignupFormModel.swift in Sources */,
				8D9596022820B72F0084E5BC /* SignUpFormModelValidator.swift in Sources */,
				8DB8E64728221A3500F6581D /* SignupFormRequestModel.swift in Sources */,
				8D9596042820BC640084E5BC /* SignupConstants.swift in Sources */,
				8D92FA572820B3C500F52802 /* SceneDelegate.swift in Sources */,
			);
			runOnlyForDeploymentPostprocessing = 0;
		};
		8D92FA682820B47F00F52802 /* Sources */ = {
			isa = PBXSourcesBuildPhase;
			buildActionMask = 2147483647;
			files = (
				8DB8E6512824B99900F6581D /* MockURLProtocol.swift in Sources */,
				8DB8E643282218B200F6581D /* SignupWebServicesTest.swift in Sources */,
				8D9D4A4B2841BE77002083E3 /* SignupPresenterTest.swift in Sources */,
				8D9D4A512841C211002083E3 /* MockSignupModelValidator.swift in Sources */,
				8D9596002820B6150084E5BC /* SignUpFormModelValidatorTest.swift in Sources */,
			);
			runOnlyForDeploymentPostprocessing = 0;
		};
/* End PBXSourcesBuildPhase section */

/* Begin PBXTargetDependency section */
		8D92FA712820B48000F52802 /* PBXTargetDependency */ = {
			isa = PBXTargetDependency;
			target = 8D92FA502820B3C500F52802 /* PhotoAlbumWithUnitTest */;
			targetProxy = 8D92FA702820B48000F52802 /* PBXContainerItemProxy */;
		};
/* End PBXTargetDependency section */

/* Begin PBXVariantGroup section */
		8D92FA5A2820B3C500F52802 /* Main.storyboard */ = {
			isa = PBXVariantGroup;
			children = (
				8D92FA5B2820B3C500F52802 /* Base */,
			);
			name = Main.storyboard;
			sourceTree = "<group>";
		};
		8D92FA5F2820B3CB00F52802 /* LaunchScreen.storyboard */ = {
			isa = PBXVariantGroup;
			children = (
				8D92FA602820B3CB00F52802 /* Base */,
			);
			name = LaunchScreen.storyboard;
			sourceTree = "<group>";
		};
/* End PBXVariantGroup section */

/* Begin XCBuildConfiguration section */
		8D92FA632820B3CB00F52802 /* Debug */ = {
			isa = XCBuildConfiguration;
			buildSettings = {
				ALWAYS_SEARCH_USER_PATHS = NO;
				CLANG_ANALYZER_NONNULL = YES;
				CLANG_ANALYZER_NUMBER_OBJECT_CONVERSION = YES_AGGRESSIVE;
				CLANG_CXX_LANGUAGE_STANDARD = "gnu++17";
				CLANG_ENABLE_MODULES = YES;
				CLANG_ENABLE_OBJC_ARC = YES;
				CLANG_ENABLE_OBJC_WEAK = YES;
				CLANG_WARN_BLOCK_CAPTURE_AUTORELEASING = YES;
				CLANG_WARN_BOOL_CONVERSION = YES;
				CLANG_WARN_COMMA = YES;
				CLANG_WARN_CONSTANT_CONVERSION = YES;
				CLANG_WARN_DEPRECATED_OBJC_IMPLEMENTATIONS = YES;
				CLANG_WARN_DIRECT_OBJC_ISA_USAGE = YES_ERROR;
				CLANG_WARN_DOCUMENTATION_COMMENTS = YES;
				CLANG_WARN_EMPTY_BODY = YES;
				CLANG_WARN_ENUM_CONVERSION = YES;
				CLANG_WARN_INFINITE_RECURSION = YES;
				CLANG_WARN_INT_CONVERSION = YES;
				CLANG_WARN_NON_LITERAL_NULL_CONVERSION = YES;
				CLANG_WARN_OBJC_IMPLICIT_RETAIN_SELF = YES;
				CLANG_WARN_OBJC_LITERAL_CONVERSION = YES;
				CLANG_WARN_OBJC_ROOT_CLASS = YES_ERROR;
				CLANG_WARN_QUOTED_INCLUDE_IN_FRAMEWORK_HEADER = YES;
				CLANG_WARN_RANGE_LOOP_ANALYSIS = YES;
				CLANG_WARN_STRICT_PROTOTYPES = YES;
				CLANG_WARN_SUSPICIOUS_MOVE = YES;
				CLANG_WARN_UNGUARDED_AVAILABILITY = YES_AGGRESSIVE;
				CLANG_WARN_UNREACHABLE_CODE = YES;
				CLANG_WARN__DUPLICATE_METHOD_MATCH = YES;
				COPY_PHASE_STRIP = NO;
				DEBUG_INFORMATION_FORMAT = dwarf;
				ENABLE_STRICT_OBJC_MSGSEND = YES;
				ENABLE_TESTABILITY = YES;
				GCC_C_LANGUAGE_STANDARD = gnu11;
				GCC_DYNAMIC_NO_PIC = NO;
				GCC_NO_COMMON_BLOCKS = YES;
				GCC_OPTIMIZATION_LEVEL = 0;
				GCC_PREPROCESSOR_DEFINITIONS = (
					"DEBUG=1",
					"$(inherited)",
				);
				GCC_WARN_64_TO_32_BIT_CONVERSION = YES;
				GCC_WARN_ABOUT_RETURN_TYPE = YES_ERROR;
				GCC_WARN_UNDECLARED_SELECTOR = YES;
				GCC_WARN_UNINITIALIZED_AUTOS = YES_AGGRESSIVE;
				GCC_WARN_UNUSED_FUNCTION = YES;
				GCC_WARN_UNUSED_VARIABLE = YES;
				IPHONEOS_DEPLOYMENT_TARGET = 15.4;
				MTL_ENABLE_DEBUG_INFO = INCLUDE_SOURCE;
				MTL_FAST_MATH = YES;
				ONLY_ACTIVE_ARCH = YES;
				SDKROOT = iphoneos;
				SWIFT_ACTIVE_COMPILATION_CONDITIONS = DEBUG;
				SWIFT_OPTIMIZATION_LEVEL = "-Onone";
			};
			name = Debug;
		};
		8D92FA642820B3CB00F52802 /* Release */ = {
			isa = XCBuildConfiguration;
			buildSettings = {
				ALWAYS_SEARCH_USER_PATHS = NO;
				CLANG_ANALYZER_NONNULL = YES;
				CLANG_ANALYZER_NUMBER_OBJECT_CONVERSION = YES_AGGRESSIVE;
				CLANG_CXX_LANGUAGE_STANDARD = "gnu++17";
				CLANG_ENABLE_MODULES = YES;
				CLANG_ENABLE_OBJC_ARC = YES;
				CLANG_ENABLE_OBJC_WEAK = YES;
				CLANG_WARN_BLOCK_CAPTURE_AUTORELEASING = YES;
				CLANG_WARN_BOOL_CONVERSION = YES;
				CLANG_WARN_COMMA = YES;
				CLANG_WARN_CONSTANT_CONVERSION = YES;
				CLANG_WARN_DEPRECATED_OBJC_IMPLEMENTATIONS = YES;
				CLANG_WARN_DIRECT_OBJC_ISA_USAGE = YES_ERROR;
				CLANG_WARN_DOCUMENTATION_COMMENTS = YES;
				CLANG_WARN_EMPTY_BODY = YES;
				CLANG_WARN_ENUM_CONVERSION = YES;
				CLANG_WARN_INFINITE_RECURSION = YES;
				CLANG_WARN_INT_CONVERSION = YES;
				CLANG_WARN_NON_LITERAL_NULL_CONVERSION = YES;
				CLANG_WARN_OBJC_IMPLICIT_RETAIN_SELF = YES;
				CLANG_WARN_OBJC_LITERAL_CONVERSION = YES;
				CLANG_WARN_OBJC_ROOT_CLASS = YES_ERROR;
				CLANG_WARN_QUOTED_INCLUDE_IN_FRAMEWORK_HEADER = YES;
				CLANG_WARN_RANGE_LOOP_ANALYSIS = YES;
				CLANG_WARN_STRICT_PROTOTYPES = YES;
				CLANG_WARN_SUSPICIOUS_MOVE = YES;
				CLANG_WARN_UNGUARDED_AVAILABILITY = YES_AGGRESSIVE;
				CLANG_WARN_UNREACHABLE_CODE = YES;
				CLANG_WARN__DUPLICATE_METHOD_MATCH = YES;
				COPY_PHASE_STRIP = NO;
				DEBUG_INFORMATION_FORMAT = "dwarf-with-dsym";
				ENABLE_NS_ASSERTIONS = NO;
				ENABLE_STRICT_OBJC_MSGSEND = YES;
				GCC_C_LANGUAGE_STANDARD = gnu11;
				GCC_NO_COMMON_BLOCKS = YES;
				GCC_WARN_64_TO_32_BIT_CONVERSION = YES;
				GCC_WARN_ABOUT_RETURN_TYPE = YES_ERROR;
				GCC_WARN_UNDECLARED_SELECTOR = YES;
				GCC_WARN_UNINITIALIZED_AUTOS = YES_AGGRESSIVE;
				GCC_WARN_UNUSED_FUNCTION = YES;
				GCC_WARN_UNUSED_VARIABLE = YES;
				IPHONEOS_DEPLOYMENT_TARGET = 15.4;
				MTL_ENABLE_DEBUG_INFO = NO;
				MTL_FAST_MATH = YES;
				SDKROOT = iphoneos;
				SWIFT_COMPILATION_MODE = wholemodule;
				SWIFT_OPTIMIZATION_LEVEL = "-O";
				VALIDATE_PRODUCT = YES;
			};
			name = Release;
		};
		8D92FA662820B3CB00F52802 /* Debug */ = {
			isa = XCBuildConfiguration;
			buildSettings = {
				ASSETCATALOG_COMPILER_APPICON_NAME = AppIcon;
				ASSETCATALOG_COMPILER_GLOBAL_ACCENT_COLOR_NAME = AccentColor;
				CODE_SIGN_STYLE = Automatic;
				CURRENT_PROJECT_VERSION = 1;
				DEVELOPMENT_TEAM = 6DC9LP75VX;
				GENERATE_INFOPLIST_FILE = YES;
				INFOPLIST_FILE = PhotoAlbumWithUnitTest/Info.plist;
				INFOPLIST_KEY_UIApplicationSupportsIndirectInputEvents = YES;
				INFOPLIST_KEY_UILaunchStoryboardName = LaunchScreen;
				INFOPLIST_KEY_UIMainStoryboardFile = Main;
				INFOPLIST_KEY_UISupportedInterfaceOrientations_iPad = "UIInterfaceOrientationPortrait UIInterfaceOrientationPortraitUpsideDown UIInterfaceOrientationLandscapeLeft UIInterfaceOrientationLandscapeRight";
				INFOPLIST_KEY_UISupportedInterfaceOrientations_iPhone = "UIInterfaceOrientationPortrait UIInterfaceOrientationLandscapeLeft UIInterfaceOrientationLandscapeRight";
				LD_RUNPATH_SEARCH_PATHS = (
					"$(inherited)",
					"@executable_path/Frameworks",
				);
				MARKETING_VERSION = 1.0;
				PRODUCT_BUNDLE_IDENTIFIER = com.israman.PhotoAlbumWithUnitTest;
				PRODUCT_NAME = "$(TARGET_NAME)";
				SWIFT_EMIT_LOC_STRINGS = YES;
				SWIFT_VERSION = 5.0;
				TARGETED_DEVICE_FAMILY = "1,2";
			};
			name = Debug;
		};
		8D92FA672820B3CB00F52802 /* Release */ = {
			isa = XCBuildConfiguration;
			buildSettings = {
				ASSETCATALOG_COMPILER_APPICON_NAME = AppIcon;
				ASSETCATALOG_COMPILER_GLOBAL_ACCENT_COLOR_NAME = AccentColor;
				CODE_SIGN_STYLE = Automatic;
				CURRENT_PROJECT_VERSION = 1;
				DEVELOPMENT_TEAM = 6DC9LP75VX;
				GENERATE_INFOPLIST_FILE = YES;
				INFOPLIST_FILE = PhotoAlbumWithUnitTest/Info.plist;
				INFOPLIST_KEY_UIApplicationSupportsIndirectInputEvents = YES;
				INFOPLIST_KEY_UILaunchStoryboardName = LaunchScreen;
				INFOPLIST_KEY_UIMainStoryboardFile = Main;
				INFOPLIST_KEY_UISupportedInterfaceOrientations_iPad = "UIInterfaceOrientationPortrait UIInterfaceOrientationPortraitUpsideDown UIInterfaceOrientationLandscapeLeft UIInterfaceOrientationLandscapeRight";
				INFOPLIST_KEY_UISupportedInterfaceOrientations_iPhone = "UIInterfaceOrientationPortrait UIInterfaceOrientationLandscapeLeft UIInterfaceOrientationLandscapeRight";
				LD_RUNPATH_SEARCH_PATHS = (
					"$(inherited)",
					"@executable_path/Frameworks",
				);
				MARKETING_VERSION = 1.0;
				PRODUCT_BUNDLE_IDENTIFIER = com.israman.PhotoAlbumWithUnitTest;
				PRODUCT_NAME = "$(TARGET_NAME)";
				SWIFT_EMIT_LOC_STRINGS = YES;
				SWIFT_VERSION = 5.0;
				TARGETED_DEVICE_FAMILY = "1,2";
			};
			name = Release;
		};
		8D92FA732820B48000F52802 /* Debug */ = {
			isa = XCBuildConfiguration;
			buildSettings = {
				BUNDLE_LOADER = "$(TEST_HOST)";
				CLANG_ENABLE_MODULES = YES;
				CODE_SIGN_STYLE = Automatic;
				CURRENT_PROJECT_VERSION = 1;
				DEVELOPMENT_TEAM = 6DC9LP75VX;
				GENERATE_INFOPLIST_FILE = YES;
				LD_RUNPATH_SEARCH_PATHS = (
					"$(inherited)",
					"@executable_path/Frameworks",
					"@loader_path/Frameworks",
				);
				MARKETING_VERSION = 1.0;
				PRODUCT_BUNDLE_IDENTIFIER = com.israman.PhotoAlbumWithUnitTestTests;
				PRODUCT_NAME = "$(TARGET_NAME)";
				SWIFT_EMIT_LOC_STRINGS = NO;
				SWIFT_OPTIMIZATION_LEVEL = "-Onone";
				SWIFT_VERSION = 5.0;
				TARGETED_DEVICE_FAMILY = "1,2";
				TEST_HOST = "$(BUILT_PRODUCTS_DIR)/PhotoAlbumWithUnitTest.app/PhotoAlbumWithUnitTest";
			};
			name = Debug;
		};
		8D92FA742820B48000F52802 /* Release */ = {
			isa = XCBuildConfiguration;
			buildSettings = {
				BUNDLE_LOADER = "$(TEST_HOST)";
				CLANG_ENABLE_MODULES = YES;
				CODE_SIGN_STYLE = Automatic;
				CURRENT_PROJECT_VERSION = 1;
				DEVELOPMENT_TEAM = 6DC9LP75VX;
				GENERATE_INFOPLIST_FILE = YES;
				LD_RUNPATH_SEARCH_PATHS = (
					"$(inherited)",
					"@executable_path/Frameworks",
					"@loader_path/Frameworks",
				);
				MARKETING_VERSION = 1.0;
				PRODUCT_BUNDLE_IDENTIFIER = com.israman.PhotoAlbumWithUnitTestTests;
				PRODUCT_NAME = "$(TARGET_NAME)";
				SWIFT_EMIT_LOC_STRINGS = NO;
				SWIFT_VERSION = 5.0;
				TARGETED_DEVICE_FAMILY = "1,2";
				TEST_HOST = "$(BUILT_PRODUCTS_DIR)/PhotoAlbumWithUnitTest.app/PhotoAlbumWithUnitTest";
			};
			name = Release;
		};
/* End XCBuildConfiguration section */

/* Begin XCConfigurationList section */
		8D92FA4C2820B3C500F52802 /* Build configuration list for PBXProject "PhotoAlbumWithUnitTest" */ = {
			isa = XCConfigurationList;
			buildConfigurations = (
				8D92FA632820B3CB00F52802 /* Debug */,
				8D92FA642820B3CB00F52802 /* Release */,
			);
			defaultConfigurationIsVisible = 0;
			defaultConfigurationName = Release;
		};
		8D92FA652820B3CB00F52802 /* Build configuration list for PBXNativeTarget "PhotoAlbumWithUnitTest" */ = {
			isa = XCConfigurationList;
			buildConfigurations = (
				8D92FA662820B3CB00F52802 /* Debug */,
				8D92FA672820B3CB00F52802 /* Release */,
			);
			defaultConfigurationIsVisible = 0;
			defaultConfigurationName = Release;
		};
		8D92FA722820B48000F52802 /* Build configuration list for PBXNativeTarget "PhotoAlbumWithUnitTestTests" */ = {
			isa = XCConfigurationList;
			buildConfigurations = (
				8D92FA732820B48000F52802 /* Debug */,
				8D92FA742820B48000F52802 /* Release */,
			);
			defaultConfigurationIsVisible = 0;
			defaultConfigurationName = Release;
		};
/* End XCConfigurationList section */
	};
	rootObject = 8D92FA492820B3C500F52802 /* Project object */;
}
