// !$*UTF8*$!
{
	archiveVersion = 1;
	classes = {
	};
	objectVersion = 55;
	objects = {

/* Begin PBXBuildFile section */
		8D92FA1F281F66D700F52802 /* BasicsOfUnitTestApp.swift in Sources */ = {isa = PBXBuildFile; fileRef = 8D92FA1E281F66D700F52802 /* BasicsOfUnitTestApp.swift */; };
		8D92FA21281F66D700F52802 /* ContentView.swift in Sources */ = {isa = PBXBuildFile; fileRef = 8D92FA20281F66D700F52802 /* ContentView.swift */; };
		8D92FA23281F66DA00F52802 /* Assets.xcassets in Resources */ = {isa = PBXBuildFile; fileRef = 8D92FA22281F66DA00F52802 /* Assets.xcassets */; };
		8D92FA26281F66DA00F52802 /* Preview Assets.xcassets in Resources */ = {isa = PBXBuildFile; fileRef = 8D92FA25281F66DA00F52802 /* Preview Assets.xcassets */; };
		8D92FA30281F66DA00F52802 /* BasicsOfUnitTestTests.swift in Sources */ = {isa = PBXBuildFile; fileRef = 8D92FA2F281F66DA00F52802 /* BasicsOfUnitTestTests.swift */; };
		8D92FA3A281F66DA00F52802 /* BasicsOfUnitTestUITests.swift in Sources */ = {isa = PBXBuildFile; fileRef = 8D92FA39281F66DA00F52802 /* BasicsOfUnitTestUITests.swift */; };
		8D92FA3C281F66DA00F52802 /* BasicsOfUnitTestUITestsLaunchTests.swift in Sources */ = {isa = PBXBuildFile; fileRef = 8D92FA3B281F66DA00F52802 /* BasicsOfUnitTestUITestsLaunchTests.swift */; };
/* End PBXBuildFile section */

/* Begin PBXContainerItemProxy section */
		8D92FA2C281F66DA00F52802 /* PBXContainerItemProxy */ = {
			isa = PBXContainerItemProxy;
			containerPortal = 8D92FA13281F66D700F52802 /* Project object */;
			proxyType = 1;
			remoteGlobalIDString = 8D92FA1A281F66D700F52802;
			remoteInfo = BasicsOfUnitTest;
		};
		8D92FA36281F66DA00F52802 /* PBXContainerItemProxy */ = {
			isa = PBXContainerItemProxy;
			containerPortal = 8D92FA13281F66D700F52802 /* Project object */;
			proxyType = 1;
			remoteGlobalIDString = 8D92FA1A281F66D700F52802;
			remoteInfo = BasicsOfUnitTest;
		};
/* End PBXContainerItemProxy section */

/* Begin PBXFileReference section */
		8D92FA1B281F66D700F52802 /* BasicsOfUnitTest.app */ = {isa = PBXFileReference; explicitFileType = wrapper.application; includeInIndex = 0; path = BasicsOfUnitTest.app; sourceTree = BUILT_PRODUCTS_DIR; };
		8D92FA1E281F66D700F52802 /* BasicsOfUnitTestApp.swift */ = {isa = PBXFileReference; lastKnownFileType = sourcecode.swift; path = BasicsOfUnitTestApp.swift; sourceTree = "<group>"; };
		8D92FA20281F66D700F52802 /* ContentView.swift */ = {isa = PBXFileReference; lastKnownFileType = sourcecode.swift; path = ContentView.swift; sourceTree = "<group>"; };
		8D92FA22281F66DA00F52802 /* Assets.xcassets */ = {isa = PBXFileReference; lastKnownFileType = folder.assetcatalog; path = Assets.xcassets; sourceTree = "<group>"; };
		8D92FA25281F66DA00F52802 /* Preview Assets.xcassets */ = {isa = PBXFileReference; lastKnownFileType = folder.assetcatalog; path = "Preview Assets.xcassets"; sourceTree = "<group>"; };
		8D92FA2B281F66DA00F52802 /* BasicsOfUnitTestTests.xctest */ = {isa = PBXFileReference; explicitFileType = wrapper.cfbundle; includeInIndex = 0; path = BasicsOfUnitTestTests.xctest; sourceTree = BUILT_PRODUCTS_DIR; };
		8D92FA2F281F66DA00F52802 /* BasicsOfUnitTestTests.swift */ = {isa = PBXFileReference; lastKnownFileType = sourcecode.swift; path = BasicsOfUnitTestTests.swift; sourceTree = "<group>"; };
		8D92FA35281F66DA00F52802 /* BasicsOfUnitTestUITests.xctest */ = {isa = PBXFileReference; explicitFileType = wrapper.cfbundle; includeInIndex = 0; path = BasicsOfUnitTestUITests.xctest; sourceTree = BUILT_PRODUCTS_DIR; };
		8D92FA39281F66DA00F52802 /* BasicsOfUnitTestUITests.swift */ = {isa = PBXFileReference; lastKnownFileType = sourcecode.swift; path = BasicsOfUnitTestUITests.swift; sourceTree = "<group>"; };
		8D92FA3B281F66DA00F52802 /* BasicsOfUnitTestUITestsLaunchTests.swift */ = {isa = PBXFileReference; lastKnownFileType = sourcecode.swift; path = BasicsOfUnitTestUITestsLaunchTests.swift; sourceTree = "<group>"; };
/* End PBXFileReference section */

/* Begin PBXFrameworksBuildPhase section */
		8D92FA18281F66D700F52802 /* Frameworks */ = {
			isa = PBXFrameworksBuildPhase;
			buildActionMask = 2147483647;
			files = (
			);
			runOnlyForDeploymentPostprocessing = 0;
		};
		8D92FA28281F66DA00F52802 /* Frameworks */ = {
			isa = PBXFrameworksBuildPhase;
			buildActionMask = 2147483647;
			files = (
			);
			runOnlyForDeploymentPostprocessing = 0;
		};
		8D92FA32281F66DA00F52802 /* Frameworks */ = {
			isa = PBXFrameworksBuildPhase;
			buildActionMask = 2147483647;
			files = (
			);
			runOnlyForDeploymentPostprocessing = 0;
		};
/* End PBXFrameworksBuildPhase section */

/* Begin PBXGroup section */
		8D92FA12281F66D700F52802 = {
			isa = PBXGroup;
			children = (
				8D92FA1D281F66D700F52802 /* BasicsOfUnitTest */,
				8D92FA2E281F66DA00F52802 /* BasicsOfUnitTestTests */,
				8D92FA38281F66DA00F52802 /* BasicsOfUnitTestUITests */,
				8D92FA1C281F66D700F52802 /* Products */,
			);
			sourceTree = "<group>";
		};
		8D92FA1C281F66D700F52802 /* Products */ = {
			isa = PBXGroup;
			children = (
				8D92FA1B281F66D700F52802 /* BasicsOfUnitTest.app */,
				8D92FA2B281F66DA00F52802 /* BasicsOfUnitTestTests.xctest */,
				8D92FA35281F66DA00F52802 /* BasicsOfUnitTestUITests.xctest */,
			);
			name = Products;
			sourceTree = "<group>";
		};
		8D92FA1D281F66D700F52802 /* BasicsOfUnitTest */ = {
			isa = PBXGroup;
			children = (
				8D92FA1E281F66D700F52802 /* BasicsOfUnitTestApp.swift */,
				8D92FA20281F66D700F52802 /* ContentView.swift */,
				8D92FA22281F66DA00F52802 /* Assets.xcassets */,
				8D92FA24281F66DA00F52802 /* Preview Content */,
			);
			path = BasicsOfUnitTest;
			sourceTree = "<group>";
		};
		8D92FA24281F66DA00F52802 /* Preview Content */ = {
			isa = PBXGroup;
			children = (
				8D92FA25281F66DA00F52802 /* Preview Assets.xcassets */,
			);
			path = "Preview Content";
			sourceTree = "<group>";
		};
		8D92FA2E281F66DA00F52802 /* BasicsOfUnitTestTests */ = {
			isa = PBXGroup;
			children = (
				8D92FA2F281F66DA00F52802 /* BasicsOfUnitTestTests.swift */,
			);
			path = BasicsOfUnitTestTests;
			sourceTree = "<group>";
		};
		8D92FA38281F66DA00F52802 /* BasicsOfUnitTestUITests */ = {
			isa = PBXGroup;
			children = (
				8D92FA39281F66DA00F52802 /* BasicsOfUnitTestUITests.swift */,
				8D92FA3B281F66DA00F52802 /* BasicsOfUnitTestUITestsLaunchTests.swift */,
			);
			path = BasicsOfUnitTestUITests;
			sourceTree = "<group>";
		};
/* End PBXGroup section */

/* Begin PBXNativeTarget section */
		8D92FA1A281F66D700F52802 /* BasicsOfUnitTest */ = {
			isa = PBXNativeTarget;
			buildConfigurationList = 8D92FA3F281F66DA00F52802 /* Build configuration list for PBXNativeTarget "BasicsOfUnitTest" */;
			buildPhases = (
				8D92FA17281F66D700F52802 /* Sources */,
				8D92FA18281F66D700F52802 /* Frameworks */,
				8D92FA19281F66D700F52802 /* Resources */,
			);
			buildRules = (
			);
			dependencies = (
			);
			name = BasicsOfUnitTest;
			productName = BasicsOfUnitTest;
			productReference = 8D92FA1B281F66D700F52802 /* BasicsOfUnitTest.app */;
			productType = "com.apple.product-type.application";
		};
		8D92FA2A281F66DA00F52802 /* BasicsOfUnitTestTests */ = {
			isa = PBXNativeTarget;
			buildConfigurationList = 8D92FA42281F66DA00F52802 /* Build configuration list for PBXNativeTarget "BasicsOfUnitTestTests" */;
			buildPhases = (
				8D92FA27281F66DA00F52802 /* Sources */,
				8D92FA28281F66DA00F52802 /* Frameworks */,
				8D92FA29281F66DA00F52802 /* Resources */,
			);
			buildRules = (
			);
			dependencies = (
				8D92FA2D281F66DA00F52802 /* PBXTargetDependency */,
			);
			name = BasicsOfUnitTestTests;
			productName = BasicsOfUnitTestTests;
			productReference = 8D92FA2B281F66DA00F52802 /* BasicsOfUnitTestTests.xctest */;
			productType = "com.apple.product-type.bundle.unit-test";
		};
		8D92FA34281F66DA00F52802 /* BasicsOfUnitTestUITests */ = {
			isa = PBXNativeTarget;
			buildConfigurationList = 8D92FA45281F66DA00F52802 /* Build configuration list for PBXNativeTarget "BasicsOfUnitTestUITests" */;
			buildPhases = (
				8D92FA31281F66DA00F52802 /* Sources */,
				8D92FA32281F66DA00F52802 /* Frameworks */,
				8D92FA33281F66DA00F52802 /* Resources */,
			);
			buildRules = (
			);
			dependencies = (
				8D92FA37281F66DA00F52802 /* PBXTargetDependency */,
			);
			name = BasicsOfUnitTestUITests;
			productName = BasicsOfUnitTestUITests;
			productReference = 8D92FA35281F66DA00F52802 /* BasicsOfUnitTestUITests.xctest */;
			productType = "com.apple.product-type.bundle.ui-testing";
		};
/* End PBXNativeTarget section */

/* Begin PBXProject section */
		8D92FA13281F66D700F52802 /* Project object */ = {
			isa = PBXProject;
			attributes = {
				BuildIndependentTargetsInParallel = 1;
				LastSwiftUpdateCheck = 1330;
				LastUpgradeCheck = 1330;
				TargetAttributes = {
					8D92FA1A281F66D700F52802 = {
						CreatedOnToolsVersion = 13.3;
					};
					8D92FA2A281F66DA00F52802 = {
						CreatedOnToolsVersion = 13.3;
						TestTargetID = 8D92FA1A281F66D700F52802;
					};
					8D92FA34281F66DA00F52802 = {
						CreatedOnToolsVersion = 13.3;
						TestTargetID = 8D92FA1A281F66D700F52802;
					};
				};
			};
			buildConfigurationList = 8D92FA16281F66D700F52802 /* Build configuration list for PBXProject "BasicsOfUnitTest" */;
			compatibilityVersion = "Xcode 13.0";
			developmentRegion = en;
			hasScannedForEncodings = 0;
			knownRegions = (
				en,
				Base,
			);
			mainGroup = 8D92FA12281F66D700F52802;
			productRefGroup = 8D92FA1C281F66D700F52802 /* Products */;
			projectDirPath = "";
			projectRoot = "";
			targets = (
				8D92FA1A281F66D700F52802 /* BasicsOfUnitTest */,
				8D92FA2A281F66DA00F52802 /* BasicsOfUnitTestTests */,
				8D92FA34281F66DA00F52802 /* BasicsOfUnitTestUITests */,
			);
		};
/* End PBXProject section */

/* Begin PBXResourcesBuildPhase section */
		8D92FA19281F66D700F52802 /* Resources */ = {
			isa = PBXResourcesBuildPhase;
			buildActionMask = 2147483647;
			files = (
				8D92FA26281F66DA00F52802 /* Preview Assets.xcassets in Resources */,
				8D92FA23281F66DA00F52802 /* Assets.xcassets in Resources */,
			);
			runOnlyForDeploymentPostprocessing = 0;
		};
		8D92FA29281F66DA00F52802 /* Resources */ = {
			isa = PBXResourcesBuildPhase;
			buildActionMask = 2147483647;
			files = (
			);
			runOnlyForDeploymentPostprocessing = 0;
		};
		8D92FA33281F66DA00F52802 /* Resources */ = {
			isa = PBXResourcesBuildPhase;
			buildActionMask = 2147483647;
			files = (
			);
			runOnlyForDeploymentPostprocessing = 0;
		};
/* End PBXResourcesBuildPhase section */

/* Begin PBXSourcesBuildPhase section */
		8D92FA17281F66D700F52802 /* Sources */ = {
			isa = PBXSourcesBuildPhase;
			buildActionMask = 2147483647;
			files = (
				8D92FA21281F66D700F52802 /* ContentView.swift in Sources */,
				8D92FA1F281F66D700F52802 /* BasicsOfUnitTestApp.swift in Sources */,
			);
			runOnlyForDeploymentPostprocessing = 0;
		};
		8D92FA27281F66DA00F52802 /* Sources */ = {
			isa = PBXSourcesBuildPhase;
			buildActionMask = 2147483647;
			files = (
				8D92FA30281F66DA00F52802 /* BasicsOfUnitTestTests.swift in Sources */,
			);
			runOnlyForDeploymentPostprocessing = 0;
		};
		8D92FA31281F66DA00F52802 /* Sources */ = {
			isa = PBXSourcesBuildPhase;
			buildActionMask = 2147483647;
			files = (
				8D92FA3C281F66DA00F52802 /* BasicsOfUnitTestUITestsLaunchTests.swift in Sources */,
				8D92FA3A281F66DA00F52802 /* BasicsOfUnitTestUITests.swift in Sources */,
			);
			runOnlyForDeploymentPostprocessing = 0;
		};
/* End PBXSourcesBuildPhase section */

/* Begin PBXTargetDependency section */
		8D92FA2D281F66DA00F52802 /* PBXTargetDependency */ = {
			isa = PBXTargetDependency;
			target = 8D92FA1A281F66D700F52802 /* BasicsOfUnitTest */;
			targetProxy = 8D92FA2C281F66DA00F52802 /* PBXContainerItemProxy */;
		};
		8D92FA37281F66DA00F52802 /* PBXTargetDependency */ = {
			isa = PBXTargetDependency;
			target = 8D92FA1A281F66D700F52802 /* BasicsOfUnitTest */;
			targetProxy = 8D92FA36281F66DA00F52802 /* PBXContainerItemProxy */;
		};
/* End PBXTargetDependency section */

/* Begin XCBuildConfiguration section */
		8D92FA3D281F66DA00F52802 /* Debug */ = {
			isa = XCBuildConfiguration;
			buildSettings = {
				ALWAYS_SEARCH_USER_PATHS = NO;
				CLANG_ANALYZER_NONNULL = YES;
				CLANG_ANALYZER_NUMBER_OBJECT_CONVERSION = YES_AGGRESSIVE;
				CLANG_CXX_LANGUAGE_STANDARD = "gnu++17";
				CLANG_ENABLE_MODULES = YES;
				CLANG_ENABLE_OBJC_ARC = YES;
				CLANG_ENABLE_OBJC_WEAK = YES;
				CLANG_WARN_BLOCK_CAPTURE_AUTORELEASING = YES;
				CLANG_WARN_BOOL_CONVERSION = YES;
				CLANG_WARN_COMMA = YES;
				CLANG_WARN_CONSTANT_CONVERSION = YES;
				CLANG_WARN_DEPRECATED_OBJC_IMPLEMENTATIONS = YES;
				CLANG_WARN_DIRECT_OBJC_ISA_USAGE = YES_ERROR;
				CLANG_WARN_DOCUMENTATION_COMMENTS = YES;
				CLANG_WARN_EMPTY_BODY = YES;
				CLANG_WARN_ENUM_CONVERSION = YES;
				CLANG_WARN_INFINITE_RECURSION = YES;
				CLANG_WARN_INT_CONVERSION = YES;
				CLANG_WARN_NON_LITERAL_NULL_CONVERSION = YES;
				CLANG_WARN_OBJC_IMPLICIT_RETAIN_SELF = YES;
				CLANG_WARN_OBJC_LITERAL_CONVERSION = YES;
				CLANG_WARN_OBJC_ROOT_CLASS = YES_ERROR;
				CLANG_WARN_QUOTED_INCLUDE_IN_FRAMEWORK_HEADER = YES;
				CLANG_WARN_RANGE_LOOP_ANALYSIS = YES;
				CLANG_WARN_STRICT_PROTOTYPES = YES;
				CLANG_WARN_SUSPICIOUS_MOVE = YES;
				CLANG_WARN_UNGUARDED_AVAILABILITY = YES_AGGRESSIVE;
				CLANG_WARN_UNREACHABLE_CODE = YES;
				CLANG_WARN__DUPLICATE_METHOD_MATCH = YES;
				COPY_PHASE_STRIP = NO;
				DEBUG_INFORMATION_FORMAT = dwarf;
				ENABLE_STRICT_OBJC_MSGSEND = YES;
				ENABLE_TESTABILITY = YES;
				GCC_C_LANGUAGE_STANDARD = gnu11;
				GCC_DYNAMIC_NO_PIC = NO;
				GCC_NO_COMMON_BLOCKS = YES;
				GCC_OPTIMIZATION_LEVEL = 0;
				GCC_PREPROCESSOR_DEFINITIONS = (
					"DEBUG=1",
					"$(inherited)",
				);
				GCC_WARN_64_TO_32_BIT_CONVERSION = YES;
				GCC_WARN_ABOUT_RETURN_TYPE = YES_ERROR;
				GCC_WARN_UNDECLARED_SELECTOR = YES;
				GCC_WARN_UNINITIALIZED_AUTOS = YES_AGGRESSIVE;
				GCC_WARN_UNUSED_FUNCTION = YES;
				GCC_WARN_UNUSED_VARIABLE = YES;
				IPHONEOS_DEPLOYMENT_TARGET = 15.4;
				MTL_ENABLE_DEBUG_INFO = INCLUDE_SOURCE;
				MTL_FAST_MATH = YES;
				ONLY_ACTIVE_ARCH = YES;
				SDKROOT = iphoneos;
				SWIFT_ACTIVE_COMPILATION_CONDITIONS = DEBUG;
				SWIFT_OPTIMIZATION_LEVEL = "-Onone";
			};
			name = Debug;
		};
		8D92FA3E281F66DA00F52802 /* Release */ = {
			isa = XCBuildConfiguration;
			buildSettings = {
				ALWAYS_SEARCH_USER_PATHS = NO;
				CLANG_ANALYZER_NONNULL = YES;
				CLANG_ANALYZER_NUMBER_OBJECT_CONVERSION = YES_AGGRESSIVE;
				CLANG_CXX_LANGUAGE_STANDARD = "gnu++17";
				CLANG_ENABLE_MODULES = YES;
				CLANG_ENABLE_OBJC_ARC = YES;
				CLANG_ENABLE_OBJC_WEAK = YES;
				CLANG_WARN_BLOCK_CAPTURE_AUTORELEASING = YES;
				CLANG_WARN_BOOL_CONVERSION = YES;
				CLANG_WARN_COMMA = YES;
				CLANG_WARN_CONSTANT_CONVERSION = YES;
				CLANG_WARN_DEPRECATED_OBJC_IMPLEMENTATIONS = YES;
				CLANG_WARN_DIRECT_OBJC_ISA_USAGE = YES_ERROR;
				CLANG_WARN_DOCUMENTATION_COMMENTS = YES;
				CLANG_WARN_EMPTY_BODY = YES;
				CLANG_WARN_ENUM_CONVERSION = YES;
				CLANG_WARN_INFINITE_RECURSION = YES;
				CLANG_WARN_INT_CONVERSION = YES;
				CLANG_WARN_NON_LITERAL_NULL_CONVERSION = YES;
				CLANG_WARN_OBJC_IMPLICIT_RETAIN_SELF = YES;
				CLANG_WARN_OBJC_LITERAL_CONVERSION = YES;
				CLANG_WARN_OBJC_ROOT_CLASS = YES_ERROR;
				CLANG_WARN_QUOTED_INCLUDE_IN_FRAMEWORK_HEADER = YES;
				CLANG_WARN_RANGE_LOOP_ANALYSIS = YES;
				CLANG_WARN_STRICT_PROTOTYPES = YES;
				CLANG_WARN_SUSPICIOUS_MOVE = YES;
				CLANG_WARN_UNGUARDED_AVAILABILITY = YES_AGGRESSIVE;
				CLANG_WARN_UNREACHABLE_CODE = YES;
				CLANG_WARN__DUPLICATE_METHOD_MATCH = YES;
				COPY_PHASE_STRIP = NO;
				DEBUG_INFORMATION_FORMAT = "dwarf-with-dsym";
				ENABLE_NS_ASSERTIONS = NO;
				ENABLE_STRICT_OBJC_MSGSEND = YES;
				GCC_C_LANGUAGE_STANDARD = gnu11;
				GCC_NO_COMMON_BLOCKS = YES;
				GCC_WARN_64_TO_32_BIT_CONVERSION = YES;
				GCC_WARN_ABOUT_RETURN_TYPE = YES_ERROR;
				GCC_WARN_UNDECLARED_SELECTOR = YES;
				GCC_WARN_UNINITIALIZED_AUTOS = YES_AGGRESSIVE;
				GCC_WARN_UNUSED_FUNCTION = YES;
				GCC_WARN_UNUSED_VARIABLE = YES;
				IPHONEOS_DEPLOYMENT_TARGET = 15.4;
				MTL_ENABLE_DEBUG_INFO = NO;
				MTL_FAST_MATH = YES;
				SDKROOT = iphoneos;
				SWIFT_COMPILATION_MODE = wholemodule;
				SWIFT_OPTIMIZATION_LEVEL = "-O";
				VALIDATE_PRODUCT = YES;
			};
			name = Release;
		};
		8D92FA40281F66DA00F52802 /* Debug */ = {
			isa = XCBuildConfiguration;
			buildSettings = {
				ASSETCATALOG_COMPILER_APPICON_NAME = AppIcon;
				ASSETCATALOG_COMPILER_GLOBAL_ACCENT_COLOR_NAME = AccentColor;
				CODE_SIGN_STYLE = Automatic;
				CURRENT_PROJECT_VERSION = 1;
				DEVELOPMENT_ASSET_PATHS = "\"BasicsOfUnitTest/Preview Content\"";
				DEVELOPMENT_TEAM = 6DC9LP75VX;
				ENABLE_PREVIEWS = YES;
				GENERATE_INFOPLIST_FILE = YES;
				INFOPLIST_KEY_UIApplicationSceneManifest_Generation = YES;
				INFOPLIST_KEY_UIApplicationSupportsIndirectInputEvents = YES;
				INFOPLIST_KEY_UILaunchScreen_Generation = YES;
				INFOPLIST_KEY_UISupportedInterfaceOrientations_iPad = "UIInterfaceOrientationPortrait UIInterfaceOrientationPortraitUpsideDown UIInterfaceOrientationLandscapeLeft UIInterfaceOrientationLandscapeRight";
				INFOPLIST_KEY_UISupportedInterfaceOrientations_iPhone = "UIInterfaceOrientationPortrait UIInterfaceOrientationLandscapeLeft UIInterfaceOrientationLandscapeRight";
				LD_RUNPATH_SEARCH_PATHS = (
					"$(inherited)",
					"@executable_path/Frameworks",
				);
				MARKETING_VERSION = 1.0;
				PRODUCT_BUNDLE_IDENTIFIER = com.israman.BasicsOfUnitTest;
				PRODUCT_NAME = "$(TARGET_NAME)";
				SWIFT_EMIT_LOC_STRINGS = YES;
				SWIFT_VERSION = 5.0;
				TARGETED_DEVICE_FAMILY = "1,2";
			};
			name = Debug;
		};
		8D92FA41281F66DA00F52802 /* Release */ = {
			isa = XCBuildConfiguration;
			buildSettings = {
				ASSETCATALOG_COMPILER_APPICON_NAME = AppIcon;
				ASSETCATALOG_COMPILER_GLOBAL_ACCENT_COLOR_NAME = AccentColor;
				CODE_SIGN_STYLE = Automatic;
				CURRENT_PROJECT_VERSION = 1;
				DEVELOPMENT_ASSET_PATHS = "\"BasicsOfUnitTest/Preview Content\"";
				DEVELOPMENT_TEAM = 6DC9LP75VX;
				ENABLE_PREVIEWS = YES;
				GENERATE_INFOPLIST_FILE = YES;
				INFOPLIST_KEY_UIApplicationSceneManifest_Generation = YES;
				INFOPLIST_KEY_UIApplicationSupportsIndirectInputEvents = YES;
				INFOPLIST_KEY_UILaunchScreen_Generation = YES;
				INFOPLIST_KEY_UISupportedInterfaceOrientations_iPad = "UIInterfaceOrientationPortrait UIInterfaceOrientationPortraitUpsideDown UIInterfaceOrientationLandscapeLeft UIInterfaceOrientationLandscapeRight";
				INFOPLIST_KEY_UISupportedInterfaceOrientations_iPhone = "UIInterfaceOrientationPortrait UIInterfaceOrientationLandscapeLeft UIInterfaceOrientationLandscapeRight";
				LD_RUNPATH_SEARCH_PATHS = (
					"$(inherited)",
					"@executable_path/Frameworks",
				);
				MARKETING_VERSION = 1.0;
				PRODUCT_BUNDLE_IDENTIFIER = com.israman.BasicsOfUnitTest;
				PRODUCT_NAME = "$(TARGET_NAME)";
				SWIFT_EMIT_LOC_STRINGS = YES;
				SWIFT_VERSION = 5.0;
				TARGETED_DEVICE_FAMILY = "1,2";
			};
			name = Release;
		};
		8D92FA43281F66DA00F52802 /* Debug */ = {
			isa = XCBuildConfiguration;
			buildSettings = {
				ALWAYS_EMBED_SWIFT_STANDARD_LIBRARIES = YES;
				BUNDLE_LOADER = "$(TEST_HOST)";
				CODE_SIGN_STYLE = Automatic;
				CURRENT_PROJECT_VERSION = 1;
				DEVELOPMENT_TEAM = 6DC9LP75VX;
				GENERATE_INFOPLIST_FILE = YES;
				IPHONEOS_DEPLOYMENT_TARGET = 15.4;
				MARKETING_VERSION = 1.0;
				PRODUCT_BUNDLE_IDENTIFIER = com.israman.BasicsOfUnitTestTests;
				PRODUCT_NAME = "$(TARGET_NAME)";
				SWIFT_EMIT_LOC_STRINGS = NO;
				SWIFT_VERSION = 5.0;
				TARGETED_DEVICE_FAMILY = "1,2";
				TEST_HOST = "$(BUILT_PRODUCTS_DIR)/BasicsOfUnitTest.app/BasicsOfUnitTest";
			};
			name = Debug;
		};
		8D92FA44281F66DA00F52802 /* Release */ = {
			isa = XCBuildConfiguration;
			buildSettings = {
				ALWAYS_EMBED_SWIFT_STANDARD_LIBRARIES = YES;
				BUNDLE_LOADER = "$(TEST_HOST)";
				CODE_SIGN_STYLE = Automatic;
				CURRENT_PROJECT_VERSION = 1;
				DEVELOPMENT_TEAM = 6DC9LP75VX;
				GENERATE_INFOPLIST_FILE = YES;
				IPHONEOS_DEPLOYMENT_TARGET = 15.4;
				MARKETING_VERSION = 1.0;
				PRODUCT_BUNDLE_IDENTIFIER = com.israman.BasicsOfUnitTestTests;
				PRODUCT_NAME = "$(TARGET_NAME)";
				SWIFT_EMIT_LOC_STRINGS = NO;
				SWIFT_VERSION = 5.0;
				TARGETED_DEVICE_FAMILY = "1,2";
				TEST_HOST = "$(BUILT_PRODUCTS_DIR)/BasicsOfUnitTest.app/BasicsOfUnitTest";
			};
			name = Release;
		};
		8D92FA46281F66DA00F52802 /* Debug */ = {
			isa = XCBuildConfiguration;
			buildSettings = {
				ALWAYS_EMBED_SWIFT_STANDARD_LIBRARIES = YES;
				CODE_SIGN_STYLE = Automatic;
				CURRENT_PROJECT_VERSION = 1;
				DEVELOPMENT_TEAM = 6DC9LP75VX;
				GENERATE_INFOPLIST_FILE = YES;
				MARKETING_VERSION = 1.0;
				PRODUCT_BUNDLE_IDENTIFIER = com.israman.BasicsOfUnitTestUITests;
				PRODUCT_NAME = "$(TARGET_NAME)";
				SWIFT_EMIT_LOC_STRINGS = NO;
				SWIFT_VERSION = 5.0;
				TARGETED_DEVICE_FAMILY = "1,2";
				TEST_TARGET_NAME = BasicsOfUnitTest;
			};
			name = Debug;
		};
		8D92FA47281F66DA00F52802 /* Release */ = {
			isa = XCBuildConfiguration;
			buildSettings = {
				ALWAYS_EMBED_SWIFT_STANDARD_LIBRARIES = YES;
				CODE_SIGN_STYLE = Automatic;
				CURRENT_PROJECT_VERSION = 1;
				DEVELOPMENT_TEAM = 6DC9LP75VX;
				GENERATE_INFOPLIST_FILE = YES;
				MARKETING_VERSION = 1.0;
				PRODUCT_BUNDLE_IDENTIFIER = com.israman.BasicsOfUnitTestUITests;
				PRODUCT_NAME = "$(TARGET_NAME)";
				SWIFT_EMIT_LOC_STRINGS = NO;
				SWIFT_VERSION = 5.0;
				TARGETED_DEVICE_FAMILY = "1,2";
				TEST_TARGET_NAME = BasicsOfUnitTest;
			};
			name = Release;
		};
/* End XCBuildConfiguration section */

/* Begin XCConfigurationList section */
		8D92FA16281F66D700F52802 /* Build configuration list for PBXProject "BasicsOfUnitTest" */ = {
			isa = XCConfigurationList;
			buildConfigurations = (
				8D92FA3D281F66DA00F52802 /* Debug */,
				8D92FA3E281F66DA00F52802 /* Release */,
			);
			defaultConfigurationIsVisible = 0;
			defaultConfigurationName = Release;
		};
		8D92FA3F281F66DA00F52802 /* Build configuration list for PBXNativeTarget "BasicsOfUnitTest" */ = {
			isa = XCConfigurationList;
			buildConfigurations = (
				8D92FA40281F66DA00F52802 /* Debug */,
				8D92FA41281F66DA00F52802 /* Release */,
			);
			defaultConfigurationIsVisible = 0;
			defaultConfigurationName = Release;
		};
		8D92FA42281F66DA00F52802 /* Build configuration list for PBXNativeTarget "BasicsOfUnitTestTests" */ = {
			isa = XCConfigurationList;
			buildConfigurations = (
				8D92FA43281F66DA00F52802 /* Debug */,
				8D92FA44281F66DA00F52802 /* Release */,
			);
			defaultConfigurationIsVisible = 0;
			defaultConfigurationName = Release;
		};
		8D92FA45281F66DA00F52802 /* Build configuration list for PBXNativeTarget "BasicsOfUnitTestUITests" */ = {
			isa = XCConfigurationList;
			buildConfigurations = (
				8D92FA46281F66DA00F52802 /* Debug */,
				8D92FA47281F66DA00F52802 /* Release */,
			);
			defaultConfigurationIsVisible = 0;
			defaultConfigurationName = Release;
		};
/* End XCConfigurationList section */
	};
	rootObject = 8D92FA13281F66D700F52802 /* Project object */;
}
