// !$*UTF8*$!
{
	archiveVersion = 1;
	classes = {
	};
	objectVersion = 56;
	objects = {

/* Begin PBXBuildFile section */
		4DBF0C912B0EE18A000D23B3 /* Tips_and_TechniquesApp.swift in Sources */ = {isa = PBXBuildFile; fileRef = 4DBF0C902B0EE18A000D23B3 /* Tips_and_TechniquesApp.swift */; };
		4DBF0C932B0EE18A000D23B3 /* ContentView.swift in Sources */ = {isa = PBXBuildFile; fileRef = 4DBF0C922B0EE18A000D23B3 /* ContentView.swift */; };
		4DBF0C952B0EE18B000D23B3 /* Assets.xcassets in Resources */ = {isa = PBXBuildFile; fileRef = 4DBF0C942B0EE18B000D23B3 /* Assets.xcassets */; };
		4DBF0C982B0EE18B000D23B3 /* Preview Assets.xcassets in Resources */ = {isa = PBXBuildFile; fileRef = 4DBF0C972B0EE18B000D23B3 /* Preview Assets.xcassets */; };
		4DBF0CA22B0EE18B000D23B3 /* Tips_and_TechniquesTests.swift in Sources */ = {isa = PBXBuildFile; fileRef = 4DBF0CA12B0EE18B000D23B3 /* Tips_and_TechniquesTests.swift */; };
		4DBF0CAC2B0EE18B000D23B3 /* Tips_and_TechniquesUITests.swift in Sources */ = {isa = PBXBuildFile; fileRef = 4DBF0CAB2B0EE18B000D23B3 /* Tips_and_TechniquesUITests.swift */; };
		4DBF0CAE2B0EE18B000D23B3 /* Tips_and_TechniquesUITestsLaunchTests.swift in Sources */ = {isa = PBXBuildFile; fileRef = 4DBF0CAD2B0EE18B000D23B3 /* Tips_and_TechniquesUITestsLaunchTests.swift */; };
/* End PBXBuildFile section */

/* Begin PBXContainerItemProxy section */
		4DBF0C9E2B0EE18B000D23B3 /* PBXContainerItemProxy */ = {
			isa = PBXContainerItemProxy;
			containerPortal = 4DBF0C852B0EE18A000D23B3 /* Project object */;
			proxyType = 1;
			remoteGlobalIDString = 4DBF0C8C2B0EE18A000D23B3;
			remoteInfo = "Tips and Techniques";
		};
		4DBF0CA82B0EE18B000D23B3 /* PBXContainerItemProxy */ = {
			isa = PBXContainerItemProxy;
			containerPortal = 4DBF0C852B0EE18A000D23B3 /* Project object */;
			proxyType = 1;
			remoteGlobalIDString = 4DBF0C8C2B0EE18A000D23B3;
			remoteInfo = "Tips and Techniques";
		};
/* End PBXContainerItemProxy section */

/* Begin PBXFileReference section */
		4DBF0C8D2B0EE18A000D23B3 /* Tips and Techniques.app */ = {isa = PBXFileReference; explicitFileType = wrapper.application; includeInIndex = 0; path = "Tips and Techniques.app"; sourceTree = BUILT_PRODUCTS_DIR; };
		4DBF0C902B0EE18A000D23B3 /* Tips_and_TechniquesApp.swift */ = {isa = PBXFileReference; lastKnownFileType = sourcecode.swift; path = Tips_and_TechniquesApp.swift; sourceTree = "<group>"; };
		4DBF0C922B0EE18A000D23B3 /* ContentView.swift */ = {isa = PBXFileReference; lastKnownFileType = sourcecode.swift; path = ContentView.swift; sourceTree = "<group>"; };
		4DBF0C942B0EE18B000D23B3 /* Assets.xcassets */ = {isa = PBXFileReference; lastKnownFileType = folder.assetcatalog; path = Assets.xcassets; sourceTree = "<group>"; };
		4DBF0C972B0EE18B000D23B3 /* Preview Assets.xcassets */ = {isa = PBXFileReference; lastKnownFileType = folder.assetcatalog; path = "Preview Assets.xcassets"; sourceTree = "<group>"; };
		4DBF0C9D2B0EE18B000D23B3 /* Tips and TechniquesTests.xctest */ = {isa = PBXFileReference; explicitFileType = wrapper.cfbundle; includeInIndex = 0; path = "Tips and TechniquesTests.xctest"; sourceTree = BUILT_PRODUCTS_DIR; };
		4DBF0CA12B0EE18B000D23B3 /* Tips_and_TechniquesTests.swift */ = {isa = PBXFileReference; lastKnownFileType = sourcecode.swift; path = Tips_and_TechniquesTests.swift; sourceTree = "<group>"; };
		4DBF0CA72B0EE18B000D23B3 /* Tips and TechniquesUITests.xctest */ = {isa = PBXFileReference; explicitFileType = wrapper.cfbundle; includeInIndex = 0; path = "Tips and TechniquesUITests.xctest"; sourceTree = BUILT_PRODUCTS_DIR; };
		4DBF0CAB2B0EE18B000D23B3 /* Tips_and_TechniquesUITests.swift */ = {isa = PBXFileReference; lastKnownFileType = sourcecode.swift; path = Tips_and_TechniquesUITests.swift; sourceTree = "<group>"; };
		4DBF0CAD2B0EE18B000D23B3 /* Tips_and_TechniquesUITestsLaunchTests.swift */ = {isa = PBXFileReference; lastKnownFileType = sourcecode.swift; path = Tips_and_TechniquesUITestsLaunchTests.swift; sourceTree = "<group>"; };
/* End PBXFileReference section */

/* Begin PBXFrameworksBuildPhase section */
		4DBF0C8A2B0EE18A000D23B3 /* Frameworks */ = {
			isa = PBXFrameworksBuildPhase;
			buildActionMask = 2147483647;
			files = (
			);
			runOnlyForDeploymentPostprocessing = 0;
		};
		4DBF0C9A2B0EE18B000D23B3 /* Frameworks */ = {
			isa = PBXFrameworksBuildPhase;
			buildActionMask = 2147483647;
			files = (
			);
			runOnlyForDeploymentPostprocessing = 0;
		};
		4DBF0CA42B0EE18B000D23B3 /* Frameworks */ = {
			isa = PBXFrameworksBuildPhase;
			buildActionMask = 2147483647;
			files = (
			);
			runOnlyForDeploymentPostprocessing = 0;
		};
/* End PBXFrameworksBuildPhase section */

/* Begin PBXGroup section */
		4DBF0C842B0EE18A000D23B3 = {
			isa = PBXGroup;
			children = (
				4DBF0C8F2B0EE18A000D23B3 /* Tips and Techniques */,
				4DBF0CA02B0EE18B000D23B3 /* Tips and TechniquesTests */,
				4DBF0CAA2B0EE18B000D23B3 /* Tips and TechniquesUITests */,
				4DBF0C8E2B0EE18A000D23B3 /* Products */,
			);
			sourceTree = "<group>";
		};
		4DBF0C8E2B0EE18A000D23B3 /* Products */ = {
			isa = PBXGroup;
			children = (
				4DBF0C8D2B0EE18A000D23B3 /* Tips and Techniques.app */,
				4DBF0C9D2B0EE18B000D23B3 /* Tips and TechniquesTests.xctest */,
				4DBF0CA72B0EE18B000D23B3 /* Tips and TechniquesUITests.xctest */,
			);
			name = Products;
			sourceTree = "<group>";
		};
		4DBF0C8F2B0EE18A000D23B3 /* Tips and Techniques */ = {
			isa = PBXGroup;
			children = (
				4DBF0C902B0EE18A000D23B3 /* Tips_and_TechniquesApp.swift */,
				4DBF0C922B0EE18A000D23B3 /* ContentView.swift */,
				4DBF0C942B0EE18B000D23B3 /* Assets.xcassets */,
				4DBF0C962B0EE18B000D23B3 /* Preview Content */,
			);
			path = "Tips and Techniques";
			sourceTree = "<group>";
		};
		4DBF0C962B0EE18B000D23B3 /* Preview Content */ = {
			isa = PBXGroup;
			children = (
				4DBF0C972B0EE18B000D23B3 /* Preview Assets.xcassets */,
			);
			path = "Preview Content";
			sourceTree = "<group>";
		};
		4DBF0CA02B0EE18B000D23B3 /* Tips and TechniquesTests */ = {
			isa = PBXGroup;
			children = (
				4DBF0CA12B0EE18B000D23B3 /* Tips_and_TechniquesTests.swift */,
			);
			path = "Tips and TechniquesTests";
			sourceTree = "<group>";
		};
		4DBF0CAA2B0EE18B000D23B3 /* Tips and TechniquesUITests */ = {
			isa = PBXGroup;
			children = (
				4DBF0CAB2B0EE18B000D23B3 /* Tips_and_TechniquesUITests.swift */,
				4DBF0CAD2B0EE18B000D23B3 /* Tips_and_TechniquesUITestsLaunchTests.swift */,
			);
			path = "Tips and TechniquesUITests";
			sourceTree = "<group>";
		};
/* End PBXGroup section */

/* Begin PBXNativeTarget section */
		4DBF0C8C2B0EE18A000D23B3 /* Tips and Techniques */ = {
			isa = PBXNativeTarget;
			buildConfigurationList = 4DBF0CB12B0EE18B000D23B3 /* Build configuration list for PBXNativeTarget "Tips and Techniques" */;
			buildPhases = (
				4DBF0C892B0EE18A000D23B3 /* Sources */,
				4DBF0C8A2B0EE18A000D23B3 /* Frameworks */,
				4DBF0C8B2B0EE18A000D23B3 /* Resources */,
			);
			buildRules = (
			);
			dependencies = (
			);
			name = "Tips and Techniques";
			productName = "Tips and Techniques";
			productReference = 4DBF0C8D2B0EE18A000D23B3 /* Tips and Techniques.app */;
			productType = "com.apple.product-type.application";
		};
		4DBF0C9C2B0EE18B000D23B3 /* Tips and TechniquesTests */ = {
			isa = PBXNativeTarget;
			buildConfigurationList = 4DBF0CB42B0EE18B000D23B3 /* Build configuration list for PBXNativeTarget "Tips and TechniquesTests" */;
			buildPhases = (
				4DBF0C992B0EE18B000D23B3 /* Sources */,
				4DBF0C9A2B0EE18B000D23B3 /* Frameworks */,
				4DBF0C9B2B0EE18B000D23B3 /* Resources */,
			);
			buildRules = (
			);
			dependencies = (
				4DBF0C9F2B0EE18B000D23B3 /* PBXTargetDependency */,
			);
			name = "Tips and TechniquesTests";
			productName = "Tips and TechniquesTests";
			productReference = 4DBF0C9D2B0EE18B000D23B3 /* Tips and TechniquesTests.xctest */;
			productType = "com.apple.product-type.bundle.unit-test";
		};
		4DBF0CA62B0EE18B000D23B3 /* Tips and TechniquesUITests */ = {
			isa = PBXNativeTarget;
			buildConfigurationList = 4DBF0CB72B0EE18B000D23B3 /* Build configuration list for PBXNativeTarget "Tips and TechniquesUITests" */;
			buildPhases = (
				4DBF0CA32B0EE18B000D23B3 /* Sources */,
				4DBF0CA42B0EE18B000D23B3 /* Frameworks */,
				4DBF0CA52B0EE18B000D23B3 /* Resources */,
			);
			buildRules = (
			);
			dependencies = (
				4DBF0CA92B0EE18B000D23B3 /* PBXTargetDependency */,
			);
			name = "Tips and TechniquesUITests";
			productName = "Tips and TechniquesUITests";
			productReference = 4DBF0CA72B0EE18B000D23B3 /* Tips and TechniquesUITests.xctest */;
			productType = "com.apple.product-type.bundle.ui-testing";
		};
/* End PBXNativeTarget section */

/* Begin PBXProject section */
		4DBF0C852B0EE18A000D23B3 /* Project object */ = {
			isa = PBXProject;
			attributes = {
				BuildIndependentTargetsInParallel = 1;
				LastSwiftUpdateCheck = 1500;
				LastUpgradeCheck = 1500;
				TargetAttributes = {
					4DBF0C8C2B0EE18A000D23B3 = {
						CreatedOnToolsVersion = 15.0;
					};
					4DBF0C9C2B0EE18B000D23B3 = {
						CreatedOnToolsVersion = 15.0;
						TestTargetID = 4DBF0C8C2B0EE18A000D23B3;
					};
					4DBF0CA62B0EE18B000D23B3 = {
						CreatedOnToolsVersion = 15.0;
						TestTargetID = 4DBF0C8C2B0EE18A000D23B3;
					};
				};
			};
			buildConfigurationList = 4DBF0C882B0EE18A000D23B3 /* Build configuration list for PBXProject "Tips and Techniques" */;
			compatibilityVersion = "Xcode 14.0";
			developmentRegion = en;
			hasScannedForEncodings = 0;
			knownRegions = (
				en,
				Base,
			);
			mainGroup = 4DBF0C842B0EE18A000D23B3;
			productRefGroup = 4DBF0C8E2B0EE18A000D23B3 /* Products */;
			projectDirPath = "";
			projectRoot = "";
			targets = (
				4DBF0C8C2B0EE18A000D23B3 /* Tips and Techniques */,
				4DBF0C9C2B0EE18B000D23B3 /* Tips and TechniquesTests */,
				4DBF0CA62B0EE18B000D23B3 /* Tips and TechniquesUITests */,
			);
		};
/* End PBXProject section */

/* Begin PBXResourcesBuildPhase section */
		4DBF0C8B2B0EE18A000D23B3 /* Resources */ = {
			isa = PBXResourcesBuildPhase;
			buildActionMask = 2147483647;
			files = (
				4DBF0C982B0EE18B000D23B3 /* Preview Assets.xcassets in Resources */,
				4DBF0C952B0EE18B000D23B3 /* Assets.xcassets in Resources */,
			);
			runOnlyForDeploymentPostprocessing = 0;
		};
		4DBF0C9B2B0EE18B000D23B3 /* Resources */ = {
			isa = PBXResourcesBuildPhase;
			buildActionMask = 2147483647;
			files = (
			);
			runOnlyForDeploymentPostprocessing = 0;
		};
		4DBF0CA52B0EE18B000D23B3 /* Resources */ = {
			isa = PBXResourcesBuildPhase;
			buildActionMask = 2147483647;
			files = (
			);
			runOnlyForDeploymentPostprocessing = 0;
		};
/* End PBXResourcesBuildPhase section */

/* Begin PBXSourcesBuildPhase section */
		4DBF0C892B0EE18A000D23B3 /* Sources */ = {
			isa = PBXSourcesBuildPhase;
			buildActionMask = 2147483647;
			files = (
				4DBF0C932B0EE18A000D23B3 /* ContentView.swift in Sources */,
				4DBF0C912B0EE18A000D23B3 /* Tips_and_TechniquesApp.swift in Sources */,
			);
			runOnlyForDeploymentPostprocessing = 0;
		};
		4DBF0C992B0EE18B000D23B3 /* Sources */ = {
			isa = PBXSourcesBuildPhase;
			buildActionMask = 2147483647;
			files = (
				4DBF0CA22B0EE18B000D23B3 /* Tips_and_TechniquesTests.swift in Sources */,
			);
			runOnlyForDeploymentPostprocessing = 0;
		};
		4DBF0CA32B0EE18B000D23B3 /* Sources */ = {
			isa = PBXSourcesBuildPhase;
			buildActionMask = 2147483647;
			files = (
				4DBF0CAC2B0EE18B000D23B3 /* Tips_and_TechniquesUITests.swift in Sources */,
				4DBF0CAE2B0EE18B000D23B3 /* Tips_and_TechniquesUITestsLaunchTests.swift in Sources */,
			);
			runOnlyForDeploymentPostprocessing = 0;
		};
/* End PBXSourcesBuildPhase section */

/* Begin PBXTargetDependency section */
		4DBF0C9F2B0EE18B000D23B3 /* PBXTargetDependency */ = {
			isa = PBXTargetDependency;
			target = 4DBF0C8C2B0EE18A000D23B3 /* Tips and Techniques */;
			targetProxy = 4DBF0C9E2B0EE18B000D23B3 /* PBXContainerItemProxy */;
		};
		4DBF0CA92B0EE18B000D23B3 /* PBXTargetDependency */ = {
			isa = PBXTargetDependency;
			target = 4DBF0C8C2B0EE18A000D23B3 /* Tips and Techniques */;
			targetProxy = 4DBF0CA82B0EE18B000D23B3 /* PBXContainerItemProxy */;
		};
/* End PBXTargetDependency section */

/* Begin XCBuildConfiguration section */
		4DBF0CAF2B0EE18B000D23B3 /* Debug */ = {
			isa = XCBuildConfiguration;
			buildSettings = {
				ALWAYS_SEARCH_USER_PATHS = NO;
				ASSETCATALOG_COMPILER_GENERATE_SWIFT_ASSET_SYMBOL_EXTENSIONS = YES;
				CLANG_ANALYZER_NONNULL = YES;
				CLANG_ANALYZER_NUMBER_OBJECT_CONVERSION = YES_AGGRESSIVE;
				CLANG_CXX_LANGUAGE_STANDARD = "gnu++20";
				CLANG_ENABLE_MODULES = YES;
				CLANG_ENABLE_OBJC_ARC = YES;
				CLANG_ENABLE_OBJC_WEAK = YES;
				CLANG_WARN_BLOCK_CAPTURE_AUTORELEASING = YES;
				CLANG_WARN_BOOL_CONVERSION = YES;
				CLANG_WARN_COMMA = YES;
				CLANG_WARN_CONSTANT_CONVERSION = YES;
				CLANG_WARN_DEPRECATED_OBJC_IMPLEMENTATIONS = YES;
				CLANG_WARN_DIRECT_OBJC_ISA_USAGE = YES_ERROR;
				CLANG_WARN_DOCUMENTATION_COMMENTS = YES;
				CLANG_WARN_EMPTY_BODY = YES;
				CLANG_WARN_ENUM_CONVERSION = YES;
				CLANG_WARN_INFINITE_RECURSION = YES;
				CLANG_WARN_INT_CONVERSION = YES;
				CLANG_WARN_NON_LITERAL_NULL_CONVERSION = YES;
				CLANG_WARN_OBJC_IMPLICIT_RETAIN_SELF = YES;
				CLANG_WARN_OBJC_LITERAL_CONVERSION = YES;
				CLANG_WARN_OBJC_ROOT_CLASS = YES_ERROR;
				CLANG_WARN_QUOTED_INCLUDE_IN_FRAMEWORK_HEADER = YES;
				CLANG_WARN_RANGE_LOOP_ANALYSIS = YES;
				CLANG_WARN_STRICT_PROTOTYPES = YES;
				CLANG_WARN_SUSPICIOUS_MOVE = YES;
				CLANG_WARN_UNGUARDED_AVAILABILITY = YES_AGGRESSIVE;
				CLANG_WARN_UNREACHABLE_CODE = YES;
				CLANG_WARN__DUPLICATE_METHOD_MATCH = YES;
				COPY_PHASE_STRIP = NO;
				DEBUG_INFORMATION_FORMAT = dwarf;
				ENABLE_STRICT_OBJC_MSGSEND = YES;
				ENABLE_TESTABILITY = YES;
				ENABLE_USER_SCRIPT_SANDBOXING = YES;
				GCC_C_LANGUAGE_STANDARD = gnu17;
				GCC_DYNAMIC_NO_PIC = NO;
				GCC_NO_COMMON_BLOCKS = YES;
				GCC_OPTIMIZATION_LEVEL = 0;
				GCC_PREPROCESSOR_DEFINITIONS = (
					"DEBUG=1",
					"$(inherited)",
				);
				GCC_WARN_64_TO_32_BIT_CONVERSION = YES;
				GCC_WARN_ABOUT_RETURN_TYPE = YES_ERROR;
				GCC_WARN_UNDECLARED_SELECTOR = YES;
				GCC_WARN_UNINITIALIZED_AUTOS = YES_AGGRESSIVE;
				GCC_WARN_UNUSED_FUNCTION = YES;
				GCC_WARN_UNUSED_VARIABLE = YES;
				IPHONEOS_DEPLOYMENT_TARGET = 17.0;
				LOCALIZATION_PREFERS_STRING_CATALOGS = YES;
				MTL_ENABLE_DEBUG_INFO = INCLUDE_SOURCE;
				MTL_FAST_MATH = YES;
				ONLY_ACTIVE_ARCH = YES;
				SDKROOT = iphoneos;
				SWIFT_ACTIVE_COMPILATION_CONDITIONS = "DEBUG $(inherited)";
				SWIFT_OPTIMIZATION_LEVEL = "-Onone";
			};
			name = Debug;
		};
		4DBF0CB02B0EE18B000D23B3 /* Release */ = {
			isa = XCBuildConfiguration;
			buildSettings = {
				ALWAYS_SEARCH_USER_PATHS = NO;
				ASSETCATALOG_COMPILER_GENERATE_SWIFT_ASSET_SYMBOL_EXTENSIONS = YES;
				CLANG_ANALYZER_NONNULL = YES;
				CLANG_ANALYZER_NUMBER_OBJECT_CONVERSION = YES_AGGRESSIVE;
				CLANG_CXX_LANGUAGE_STANDARD = "gnu++20";
				CLANG_ENABLE_MODULES = YES;
				CLANG_ENABLE_OBJC_ARC = YES;
				CLANG_ENABLE_OBJC_WEAK = YES;
				CLANG_WARN_BLOCK_CAPTURE_AUTORELEASING = YES;
				CLANG_WARN_BOOL_CONVERSION = YES;
				CLANG_WARN_COMMA = YES;
				CLANG_WARN_CONSTANT_CONVERSION = YES;
				CLANG_WARN_DEPRECATED_OBJC_IMPLEMENTATIONS = YES;
				CLANG_WARN_DIRECT_OBJC_ISA_USAGE = YES_ERROR;
				CLANG_WARN_DOCUMENTATION_COMMENTS = YES;
				CLANG_WARN_EMPTY_BODY = YES;
				CLANG_WARN_ENUM_CONVERSION = YES;
				CLANG_WARN_INFINITE_RECURSION = YES;
				CLANG_WARN_INT_CONVERSION = YES;
				CLANG_WARN_NON_LITERAL_NULL_CONVERSION = YES;
				CLANG_WARN_OBJC_IMPLICIT_RETAIN_SELF = YES;
				CLANG_WARN_OBJC_LITERAL_CONVERSION = YES;
				CLANG_WARN_OBJC_ROOT_CLASS = YES_ERROR;
				CLANG_WARN_QUOTED_INCLUDE_IN_FRAMEWORK_HEADER = YES;
				CLANG_WARN_RANGE_LOOP_ANALYSIS = YES;
				CLANG_WARN_STRICT_PROTOTYPES = YES;
				CLANG_WARN_SUSPICIOUS_MOVE = YES;
				CLANG_WARN_UNGUARDED_AVAILABILITY = YES_AGGRESSIVE;
				CLANG_WARN_UNREACHABLE_CODE = YES;
				CLANG_WARN__DUPLICATE_METHOD_MATCH = YES;
				COPY_PHASE_STRIP = NO;
				DEBUG_INFORMATION_FORMAT = "dwarf-with-dsym";
				ENABLE_NS_ASSERTIONS = NO;
				ENABLE_STRICT_OBJC_MSGSEND = YES;
				ENABLE_USER_SCRIPT_SANDBOXING = YES;
				GCC_C_LANGUAGE_STANDARD = gnu17;
				GCC_NO_COMMON_BLOCKS = YES;
				GCC_WARN_64_TO_32_BIT_CONVERSION = YES;
				GCC_WARN_ABOUT_RETURN_TYPE = YES_ERROR;
				GCC_WARN_UNDECLARED_SELECTOR = YES;
				GCC_WARN_UNINITIALIZED_AUTOS = YES_AGGRESSIVE;
				GCC_WARN_UNUSED_FUNCTION = YES;
				GCC_WARN_UNUSED_VARIABLE = YES;
				IPHONEOS_DEPLOYMENT_TARGET = 17.0;
				LOCALIZATION_PREFERS_STRING_CATALOGS = YES;
				MTL_ENABLE_DEBUG_INFO = NO;
				MTL_FAST_MATH = YES;
				SDKROOT = iphoneos;
				SWIFT_COMPILATION_MODE = wholemodule;
				VALIDATE_PRODUCT = YES;
			};
			name = Release;
		};
		4DBF0CB22B0EE18B000D23B3 /* Debug */ = {
			isa = XCBuildConfiguration;
			buildSettings = {
				ASSETCATALOG_COMPILER_APPICON_NAME = AppIcon;
				ASSETCATALOG_COMPILER_GLOBAL_ACCENT_COLOR_NAME = AccentColor;
				CODE_SIGN_STYLE = Automatic;
				CURRENT_PROJECT_VERSION = 1;
				DEVELOPMENT_ASSET_PATHS = "\"Tips and Techniques/Preview Content\"";
				DEVELOPMENT_TEAM = G9TBJCK73T;
				ENABLE_PREVIEWS = YES;
				GENERATE_INFOPLIST_FILE = YES;
				INFOPLIST_KEY_UIApplicationSceneManifest_Generation = YES;
				INFOPLIST_KEY_UIApplicationSupportsIndirectInputEvents = YES;
				INFOPLIST_KEY_UILaunchScreen_Generation = YES;
				INFOPLIST_KEY_UISupportedInterfaceOrientations_iPad = "UIInterfaceOrientationPortrait UIInterfaceOrientationPortraitUpsideDown UIInterfaceOrientationLandscapeLeft UIInterfaceOrientationLandscapeRight";
				INFOPLIST_KEY_UISupportedInterfaceOrientations_iPhone = "UIInterfaceOrientationPortrait UIInterfaceOrientationLandscapeLeft UIInterfaceOrientationLandscapeRight";
				LD_RUNPATH_SEARCH_PATHS = (
					"$(inherited)",
					"@executable_path/Frameworks",
				);
				MARKETING_VERSION = 1.0;
				PRODUCT_BUNDLE_IDENTIFIER = "com.israman.somenews.Tips-and-Techniques";
				PRODUCT_NAME = "$(TARGET_NAME)";
				SWIFT_EMIT_LOC_STRINGS = YES;
				SWIFT_VERSION = 5.0;
				TARGETED_DEVICE_FAMILY = "1,2";
			};
			name = Debug;
		};
		4DBF0CB32B0EE18B000D23B3 /* Release */ = {
			isa = XCBuildConfiguration;
			buildSettings = {
				ASSETCATALOG_COMPILER_APPICON_NAME = AppIcon;
				ASSETCATALOG_COMPILER_GLOBAL_ACCENT_COLOR_NAME = AccentColor;
				CODE_SIGN_STYLE = Automatic;
				CURRENT_PROJECT_VERSION = 1;
				DEVELOPMENT_ASSET_PATHS = "\"Tips and Techniques/Preview Content\"";
				DEVELOPMENT_TEAM = G9TBJCK73T;
				ENABLE_PREVIEWS = YES;
				GENERATE_INFOPLIST_FILE = YES;
				INFOPLIST_KEY_UIApplicationSceneManifest_Generation = YES;
				INFOPLIST_KEY_UIApplicationSupportsIndirectInputEvents = YES;
				INFOPLIST_KEY_UILaunchScreen_Generation = YES;
				INFOPLIST_KEY_UISupportedInterfaceOrientations_iPad = "UIInterfaceOrientationPortrait UIInterfaceOrientationPortraitUpsideDown UIInterfaceOrientationLandscapeLeft UIInterfaceOrientationLandscapeRight";
				INFOPLIST_KEY_UISupportedInterfaceOrientations_iPhone = "UIInterfaceOrientationPortrait UIInterfaceOrientationLandscapeLeft UIInterfaceOrientationLandscapeRight";
				LD_RUNPATH_SEARCH_PATHS = (
					"$(inherited)",
					"@executable_path/Frameworks",
				);
				MARKETING_VERSION = 1.0;
				PRODUCT_BUNDLE_IDENTIFIER = "com.israman.somenews.Tips-and-Techniques";
				PRODUCT_NAME = "$(TARGET_NAME)";
				SWIFT_EMIT_LOC_STRINGS = YES;
				SWIFT_VERSION = 5.0;
				TARGETED_DEVICE_FAMILY = "1,2";
			};
			name = Release;
		};
		4DBF0CB52B0EE18B000D23B3 /* Debug */ = {
			isa = XCBuildConfiguration;
			buildSettings = {
				ALWAYS_EMBED_SWIFT_STANDARD_LIBRARIES = YES;
				BUNDLE_LOADER = "$(TEST_HOST)";
				CODE_SIGN_STYLE = Automatic;
				CURRENT_PROJECT_VERSION = 1;
				DEVELOPMENT_TEAM = G9TBJCK73T;
				GENERATE_INFOPLIST_FILE = YES;
				IPHONEOS_DEPLOYMENT_TARGET = 17.0;
				MARKETING_VERSION = 1.0;
				PRODUCT_BUNDLE_IDENTIFIER = "com.israman.somenews.Tips-and-TechniquesTests";
				PRODUCT_NAME = "$(TARGET_NAME)";
				SWIFT_EMIT_LOC_STRINGS = NO;
				SWIFT_VERSION = 5.0;
				TARGETED_DEVICE_FAMILY = "1,2";
				TEST_HOST = "$(BUILT_PRODUCTS_DIR)/Tips and Techniques.app/$(BUNDLE_EXECUTABLE_FOLDER_PATH)/Tips and Techniques";
			};
			name = Debug;
		};
		4DBF0CB62B0EE18B000D23B3 /* Release */ = {
			isa = XCBuildConfiguration;
			buildSettings = {
				ALWAYS_EMBED_SWIFT_STANDARD_LIBRARIES = YES;
				BUNDLE_LOADER = "$(TEST_HOST)";
				CODE_SIGN_STYLE = Automatic;
				CURRENT_PROJECT_VERSION = 1;
				DEVELOPMENT_TEAM = G9TBJCK73T;
				GENERATE_INFOPLIST_FILE = YES;
				IPHONEOS_DEPLOYMENT_TARGET = 17.0;
				MARKETING_VERSION = 1.0;
				PRODUCT_BUNDLE_IDENTIFIER = "com.israman.somenews.Tips-and-TechniquesTests";
				PRODUCT_NAME = "$(TARGET_NAME)";
				SWIFT_EMIT_LOC_STRINGS = NO;
				SWIFT_VERSION = 5.0;
				TARGETED_DEVICE_FAMILY = "1,2";
				TEST_HOST = "$(BUILT_PRODUCTS_DIR)/Tips and Techniques.app/$(BUNDLE_EXECUTABLE_FOLDER_PATH)/Tips and Techniques";
			};
			name = Release;
		};
		4DBF0CB82B0EE18B000D23B3 /* Debug */ = {
			isa = XCBuildConfiguration;
			buildSettings = {
				ALWAYS_EMBED_SWIFT_STANDARD_LIBRARIES = YES;
				CODE_SIGN_STYLE = Automatic;
				CURRENT_PROJECT_VERSION = 1;
				DEVELOPMENT_TEAM = G9TBJCK73T;
				GENERATE_INFOPLIST_FILE = YES;
				MARKETING_VERSION = 1.0;
				PRODUCT_BUNDLE_IDENTIFIER = "com.israman.somenews.Tips-and-TechniquesUITests";
				PRODUCT_NAME = "$(TARGET_NAME)";
				SWIFT_EMIT_LOC_STRINGS = NO;
				SWIFT_VERSION = 5.0;
				TARGETED_DEVICE_FAMILY = "1,2";
				TEST_TARGET_NAME = "Tips and Techniques";
			};
			name = Debug;
		};
		4DBF0CB92B0EE18B000D23B3 /* Release */ = {
			isa = XCBuildConfiguration;
			buildSettings = {
				ALWAYS_EMBED_SWIFT_STANDARD_LIBRARIES = YES;
				CODE_SIGN_STYLE = Automatic;
				CURRENT_PROJECT_VERSION = 1;
				DEVELOPMENT_TEAM = G9TBJCK73T;
				GENERATE_INFOPLIST_FILE = YES;
				MARKETING_VERSION = 1.0;
				PRODUCT_BUNDLE_IDENTIFIER = "com.israman.somenews.Tips-and-TechniquesUITests";
				PRODUCT_NAME = "$(TARGET_NAME)";
				SWIFT_EMIT_LOC_STRINGS = NO;
				SWIFT_VERSION = 5.0;
				TARGETED_DEVICE_FAMILY = "1,2";
				TEST_TARGET_NAME = "Tips and Techniques";
			};
			name = Release;
		};
/* End XCBuildConfiguration section */

/* Begin XCConfigurationList section */
		4DBF0C882B0EE18A000D23B3 /* Build configuration list for PBXProject "Tips and Techniques" */ = {
			isa = XCConfigurationList;
			buildConfigurations = (
				4DBF0CAF2B0EE18B000D23B3 /* Debug */,
				4DBF0CB02B0EE18B000D23B3 /* Release */,
			);
			defaultConfigurationIsVisible = 0;
			defaultConfigurationName = Release;
		};
		4DBF0CB12B0EE18B000D23B3 /* Build configuration list for PBXNativeTarget "Tips and Techniques" */ = {
			isa = XCConfigurationList;
			buildConfigurations = (
				4DBF0CB22B0EE18B000D23B3 /* Debug */,
				4DBF0CB32B0EE18B000D23B3 /* Release */,
			);
			defaultConfigurationIsVisible = 0;
			defaultConfigurationName = Release;
		};
		4DBF0CB42B0EE18B000D23B3 /* Build configuration list for PBXNativeTarget "Tips and TechniquesTests" */ = {
			isa = XCConfigurationList;
			buildConfigurations = (
				4DBF0CB52B0EE18B000D23B3 /* Debug */,
				4DBF0CB62B0EE18B000D23B3 /* Release */,
			);
			defaultConfigurationIsVisible = 0;
			defaultConfigurationName = Release;
		};
		4DBF0CB72B0EE18B000D23B3 /* Build configuration list for PBXNativeTarget "Tips and TechniquesUITests" */ = {
			isa = XCConfigurationList;
			buildConfigurations = (
				4DBF0CB82B0EE18B000D23B3 /* Debug */,
				4DBF0CB92B0EE18B000D23B3 /* Release */,
			);
			defaultConfigurationIsVisible = 0;
			defaultConfigurationName = Release;
		};
/* End XCConfigurationList section */
	};
	rootObject = 4DBF0C852B0EE18A000D23B3 /* Project object */;
}
