// !$*UTF8*$!
{
	archiveVersion = 1;
	classes = {
	};
	objectVersion = 55;
	objects = {

/* Begin PBXBuildFile section */
		8D92F9E7281B79E000F52802 /* CalculatorTestApp.swift in Sources */ = {isa = PBXBuildFile; fileRef = 8D92F9E6281B79E000F52802 /* CalculatorTestApp.swift */; };
		8D92F9E9281B79E000F52802 /* ContentView.swift in Sources */ = {isa = PBXBuildFile; fileRef = 8D92F9E8281B79E000F52802 /* ContentView.swift */; };
		8D92F9EB281B79E900F52802 /* Assets.xcassets in Resources */ = {isa = PBXBuildFile; fileRef = 8D92F9EA281B79E900F52802 /* Assets.xcassets */; };
		8D92F9EE281B79E900F52802 /* Preview Assets.xcassets in Resources */ = {isa = PBXBuildFile; fileRef = 8D92F9ED281B79E900F52802 /* Preview Assets.xcassets */; };
		8D92F9F8281B79EA00F52802 /* CalculatorTestTests.swift in Sources */ = {isa = PBXBuildFile; fileRef = 8D92F9F7281B79EA00F52802 /* CalculatorTestTests.swift */; };
		8D92FA02281B79EA00F52802 /* CalculatorTestUITests.swift in Sources */ = {isa = PBXBuildFile; fileRef = 8D92FA01281B79EA00F52802 /* CalculatorTestUITests.swift */; };
		8D92FA04281B79EA00F52802 /* CalculatorTestUITestsLaunchTests.swift in Sources */ = {isa = PBXBuildFile; fileRef = 8D92FA03281B79EA00F52802 /* CalculatorTestUITestsLaunchTests.swift */; };
		8D92FA11281F651E00F52802 /* OrderOfTestRunning.swift in Sources */ = {isa = PBXBuildFile; fileRef = 8D92FA10281F651E00F52802 /* OrderOfTestRunning.swift */; };
/* End PBXBuildFile section */

/* Begin PBXContainerItemProxy section */
		8D92F9F4281B79EA00F52802 /* PBXContainerItemProxy */ = {
			isa = PBXContainerItemProxy;
			containerPortal = 8D92F9DB281B79E000F52802 /* Project object */;
			proxyType = 1;
			remoteGlobalIDString = 8D92F9E2281B79E000F52802;
			remoteInfo = CalculatorTest;
		};
		8D92F9FE281B79EA00F52802 /* PBXContainerItemProxy */ = {
			isa = PBXContainerItemProxy;
			containerPortal = 8D92F9DB281B79E000F52802 /* Project object */;
			proxyType = 1;
			remoteGlobalIDString = 8D92F9E2281B79E000F52802;
			remoteInfo = CalculatorTest;
		};
/* End PBXContainerItemProxy section */

/* Begin PBXFileReference section */
		8D92F9E3281B79E000F52802 /* CalculatorTest.app */ = {isa = PBXFileReference; explicitFileType = wrapper.application; includeInIndex = 0; path = CalculatorTest.app; sourceTree = BUILT_PRODUCTS_DIR; };
		8D92F9E6281B79E000F52802 /* CalculatorTestApp.swift */ = {isa = PBXFileReference; lastKnownFileType = sourcecode.swift; path = CalculatorTestApp.swift; sourceTree = "<group>"; };
		8D92F9E8281B79E000F52802 /* ContentView.swift */ = {isa = PBXFileReference; lastKnownFileType = sourcecode.swift; path = ContentView.swift; sourceTree = "<group>"; };
		8D92F9EA281B79E900F52802 /* Assets.xcassets */ = {isa = PBXFileReference; lastKnownFileType = folder.assetcatalog; path = Assets.xcassets; sourceTree = "<group>"; };
		8D92F9ED281B79E900F52802 /* Preview Assets.xcassets */ = {isa = PBXFileReference; lastKnownFileType = folder.assetcatalog; path = "Preview Assets.xcassets"; sourceTree = "<group>"; };
		8D92F9F3281B79EA00F52802 /* CalculatorTestTests.xctest */ = {isa = PBXFileReference; explicitFileType = wrapper.cfbundle; includeInIndex = 0; path = CalculatorTestTests.xctest; sourceTree = BUILT_PRODUCTS_DIR; };
		8D92F9F7281B79EA00F52802 /* CalculatorTestTests.swift */ = {isa = PBXFileReference; lastKnownFileType = sourcecode.swift; path = CalculatorTestTests.swift; sourceTree = "<group>"; };
		8D92F9FD281B79EA00F52802 /* CalculatorTestUITests.xctest */ = {isa = PBXFileReference; explicitFileType = wrapper.cfbundle; includeInIndex = 0; path = CalculatorTestUITests.xctest; sourceTree = BUILT_PRODUCTS_DIR; };
		8D92FA01281B79EA00F52802 /* CalculatorTestUITests.swift */ = {isa = PBXFileReference; lastKnownFileType = sourcecode.swift; path = CalculatorTestUITests.swift; sourceTree = "<group>"; };
		8D92FA03281B79EA00F52802 /* CalculatorTestUITestsLaunchTests.swift */ = {isa = PBXFileReference; lastKnownFileType = sourcecode.swift; path = CalculatorTestUITestsLaunchTests.swift; sourceTree = "<group>"; };
		8D92FA10281F651E00F52802 /* OrderOfTestRunning.swift */ = {isa = PBXFileReference; lastKnownFileType = sourcecode.swift; path = OrderOfTestRunning.swift; sourceTree = "<group>"; };
/* End PBXFileReference section */

/* Begin PBXFrameworksBuildPhase section */
		8D92F9E0281B79E000F52802 /* Frameworks */ = {
			isa = PBXFrameworksBuildPhase;
			buildActionMask = 2147483647;
			files = (
			);
			runOnlyForDeploymentPostprocessing = 0;
		};
		8D92F9F0281B79EA00F52802 /* Frameworks */ = {
			isa = PBXFrameworksBuildPhase;
			buildActionMask = 2147483647;
			files = (
			);
			runOnlyForDeploymentPostprocessing = 0;
		};
		8D92F9FA281B79EA00F52802 /* Frameworks */ = {
			isa = PBXFrameworksBuildPhase;
			buildActionMask = 2147483647;
			files = (
			);
			runOnlyForDeploymentPostprocessing = 0;
		};
/* End PBXFrameworksBuildPhase section */

/* Begin PBXGroup section */
		8D92F9DA281B79E000F52802 = {
			isa = PBXGroup;
			children = (
				8D92F9E5281B79E000F52802 /* CalculatorTest */,
				8D92F9F6281B79EA00F52802 /* CalculatorTestTests */,
				8D92FA00281B79EA00F52802 /* CalculatorTestUITests */,
				8D92F9E4281B79E000F52802 /* Products */,
			);
			sourceTree = "<group>";
		};
		8D92F9E4281B79E000F52802 /* Products */ = {
			isa = PBXGroup;
			children = (
				8D92F9E3281B79E000F52802 /* CalculatorTest.app */,
				8D92F9F3281B79EA00F52802 /* CalculatorTestTests.xctest */,
				8D92F9FD281B79EA00F52802 /* CalculatorTestUITests.xctest */,
			);
			name = Products;
			sourceTree = "<group>";
		};
		8D92F9E5281B79E000F52802 /* CalculatorTest */ = {
			isa = PBXGroup;
			children = (
				8D92F9E6281B79E000F52802 /* CalculatorTestApp.swift */,
				8D92F9E8281B79E000F52802 /* ContentView.swift */,
				8D92F9EA281B79E900F52802 /* Assets.xcassets */,
				8D92F9EC281B79E900F52802 /* Preview Content */,
			);
			path = CalculatorTest;
			sourceTree = "<group>";
		};
		8D92F9EC281B79E900F52802 /* Preview Content */ = {
			isa = PBXGroup;
			children = (
				8D92F9ED281B79E900F52802 /* Preview Assets.xcassets */,
			);
			path = "Preview Content";
			sourceTree = "<group>";
		};
		8D92F9F6281B79EA00F52802 /* CalculatorTestTests */ = {
			isa = PBXGroup;
			children = (
				8D92F9F7281B79EA00F52802 /* CalculatorTestTests.swift */,
				8D92FA10281F651E00F52802 /* OrderOfTestRunning.swift */,
			);
			path = CalculatorTestTests;
			sourceTree = "<group>";
		};
		8D92FA00281B79EA00F52802 /* CalculatorTestUITests */ = {
			isa = PBXGroup;
			children = (
				8D92FA01281B79EA00F52802 /* CalculatorTestUITests.swift */,
				8D92FA03281B79EA00F52802 /* CalculatorTestUITestsLaunchTests.swift */,
			);
			path = CalculatorTestUITests;
			sourceTree = "<group>";
		};
/* End PBXGroup section */

/* Begin PBXNativeTarget section */
		8D92F9E2281B79E000F52802 /* CalculatorTest */ = {
			isa = PBXNativeTarget;
			buildConfigurationList = 8D92FA07281B79EA00F52802 /* Build configuration list for PBXNativeTarget "CalculatorTest" */;
			buildPhases = (
				8D92F9DF281B79E000F52802 /* Sources */,
				8D92F9E0281B79E000F52802 /* Frameworks */,
				8D92F9E1281B79E000F52802 /* Resources */,
			);
			buildRules = (
			);
			dependencies = (
			);
			name = CalculatorTest;
			productName = CalculatorTest;
			productReference = 8D92F9E3281B79E000F52802 /* CalculatorTest.app */;
			productType = "com.apple.product-type.application";
		};
		8D92F9F2281B79EA00F52802 /* CalculatorTestTests */ = {
			isa = PBXNativeTarget;
			buildConfigurationList = 8D92FA0A281B79EA00F52802 /* Build configuration list for PBXNativeTarget "CalculatorTestTests" */;
			buildPhases = (
				8D92F9EF281B79EA00F52802 /* Sources */,
				8D92F9F0281B79EA00F52802 /* Frameworks */,
				8D92F9F1281B79EA00F52802 /* Resources */,
			);
			buildRules = (
			);
			dependencies = (
				8D92F9F5281B79EA00F52802 /* PBXTargetDependency */,
			);
			name = CalculatorTestTests;
			productName = CalculatorTestTests;
			productReference = 8D92F9F3281B79EA00F52802 /* CalculatorTestTests.xctest */;
			productType = "com.apple.product-type.bundle.unit-test";
		};
		8D92F9FC281B79EA00F52802 /* CalculatorTestUITests */ = {
			isa = PBXNativeTarget;
			buildConfigurationList = 8D92FA0D281B79EA00F52802 /* Build configuration list for PBXNativeTarget "CalculatorTestUITests" */;
			buildPhases = (
				8D92F9F9281B79EA00F52802 /* Sources */,
				8D92F9FA281B79EA00F52802 /* Frameworks */,
				8D92F9FB281B79EA00F52802 /* Resources */,
			);
			buildRules = (
			);
			dependencies = (
				8D92F9FF281B79EA00F52802 /* PBXTargetDependency */,
			);
			name = CalculatorTestUITests;
			productName = CalculatorTestUITests;
			productReference = 8D92F9FD281B79EA00F52802 /* CalculatorTestUITests.xctest */;
			productType = "com.apple.product-type.bundle.ui-testing";
		};
/* End PBXNativeTarget section */

/* Begin PBXProject section */
		8D92F9DB281B79E000F52802 /* Project object */ = {
			isa = PBXProject;
			attributes = {
				BuildIndependentTargetsInParallel = 1;
				LastSwiftUpdateCheck = 1330;
				LastUpgradeCheck = 1330;
				TargetAttributes = {
					8D92F9E2281B79E000F52802 = {
						CreatedOnToolsVersion = 13.3;
					};
					8D92F9F2281B79EA00F52802 = {
						CreatedOnToolsVersion = 13.3;
						TestTargetID = 8D92F9E2281B79E000F52802;
					};
					8D92F9FC281B79EA00F52802 = {
						CreatedOnToolsVersion = 13.3;
						TestTargetID = 8D92F9E2281B79E000F52802;
					};
				};
			};
			buildConfigurationList = 8D92F9DE281B79E000F52802 /* Build configuration list for PBXProject "CalculatorTest" */;
			compatibilityVersion = "Xcode 13.0";
			developmentRegion = en;
			hasScannedForEncodings = 0;
			knownRegions = (
				en,
				Base,
			);
			mainGroup = 8D92F9DA281B79E000F52802;
			productRefGroup = 8D92F9E4281B79E000F52802 /* Products */;
			projectDirPath = "";
			projectRoot = "";
			targets = (
				8D92F9E2281B79E000F52802 /* CalculatorTest */,
				8D92F9F2281B79EA00F52802 /* CalculatorTestTests */,
				8D92F9FC281B79EA00F52802 /* CalculatorTestUITests */,
			);
		};
/* End PBXProject section */

/* Begin PBXResourcesBuildPhase section */
		8D92F9E1281B79E000F52802 /* Resources */ = {
			isa = PBXResourcesBuildPhase;
			buildActionMask = 2147483647;
			files = (
				8D92F9EE281B79E900F52802 /* Preview Assets.xcassets in Resources */,
				8D92F9EB281B79E900F52802 /* Assets.xcassets in Resources */,
			);
			runOnlyForDeploymentPostprocessing = 0;
		};
		8D92F9F1281B79EA00F52802 /* Resources */ = {
			isa = PBXResourcesBuildPhase;
			buildActionMask = 2147483647;
			files = (
			);
			runOnlyForDeploymentPostprocessing = 0;
		};
		8D92F9FB281B79EA00F52802 /* Resources */ = {
			isa = PBXResourcesBuildPhase;
			buildActionMask = 2147483647;
			files = (
			);
			runOnlyForDeploymentPostprocessing = 0;
		};
/* End PBXResourcesBuildPhase section */

/* Begin PBXSourcesBuildPhase section */
		8D92F9DF281B79E000F52802 /* Sources */ = {
			isa = PBXSourcesBuildPhase;
			buildActionMask = 2147483647;
			files = (
				8D92F9E9281B79E000F52802 /* ContentView.swift in Sources */,
				8D92F9E7281B79E000F52802 /* CalculatorTestApp.swift in Sources */,
			);
			runOnlyForDeploymentPostprocessing = 0;
		};
		8D92F9EF281B79EA00F52802 /* Sources */ = {
			isa = PBXSourcesBuildPhase;
			buildActionMask = 2147483647;
			files = (
				8D92F9F8281B79EA00F52802 /* CalculatorTestTests.swift in Sources */,
				8D92FA11281F651E00F52802 /* OrderOfTestRunning.swift in Sources */,
			);
			runOnlyForDeploymentPostprocessing = 0;
		};
		8D92F9F9281B79EA00F52802 /* Sources */ = {
			isa = PBXSourcesBuildPhase;
			buildActionMask = 2147483647;
			files = (
				8D92FA04281B79EA00F52802 /* CalculatorTestUITestsLaunchTests.swift in Sources */,
				8D92FA02281B79EA00F52802 /* CalculatorTestUITests.swift in Sources */,
			);
			runOnlyForDeploymentPostprocessing = 0;
		};
/* End PBXSourcesBuildPhase section */

/* Begin PBXTargetDependency section */
		8D92F9F5281B79EA00F52802 /* PBXTargetDependency */ = {
			isa = PBXTargetDependency;
			target = 8D92F9E2281B79E000F52802 /* CalculatorTest */;
			targetProxy = 8D92F9F4281B79EA00F52802 /* PBXContainerItemProxy */;
		};
		8D92F9FF281B79EA00F52802 /* PBXTargetDependency */ = {
			isa = PBXTargetDependency;
			target = 8D92F9E2281B79E000F52802 /* CalculatorTest */;
			targetProxy = 8D92F9FE281B79EA00F52802 /* PBXContainerItemProxy */;
		};
/* End PBXTargetDependency section */

/* Begin XCBuildConfiguration section */
		8D92FA05281B79EA00F52802 /* Debug */ = {
			isa = XCBuildConfiguration;
			buildSettings = {
				ALWAYS_SEARCH_USER_PATHS = NO;
				CLANG_ANALYZER_NONNULL = YES;
				CLANG_ANALYZER_NUMBER_OBJECT_CONVERSION = YES_AGGRESSIVE;
				CLANG_CXX_LANGUAGE_STANDARD = "gnu++17";
				CLANG_ENABLE_MODULES = YES;
				CLANG_ENABLE_OBJC_ARC = YES;
				CLANG_ENABLE_OBJC_WEAK = YES;
				CLANG_WARN_BLOCK_CAPTURE_AUTORELEASING = YES;
				CLANG_WARN_BOOL_CONVERSION = YES;
				CLANG_WARN_COMMA = YES;
				CLANG_WARN_CONSTANT_CONVERSION = YES;
				CLANG_WARN_DEPRECATED_OBJC_IMPLEMENTATIONS = YES;
				CLANG_WARN_DIRECT_OBJC_ISA_USAGE = YES_ERROR;
				CLANG_WARN_DOCUMENTATION_COMMENTS = YES;
				CLANG_WARN_EMPTY_BODY = YES;
				CLANG_WARN_ENUM_CONVERSION = YES;
				CLANG_WARN_INFINITE_RECURSION = YES;
				CLANG_WARN_INT_CONVERSION = YES;
				CLANG_WARN_NON_LITERAL_NULL_CONVERSION = YES;
				CLANG_WARN_OBJC_IMPLICIT_RETAIN_SELF = YES;
				CLANG_WARN_OBJC_LITERAL_CONVERSION = YES;
				CLANG_WARN_OBJC_ROOT_CLASS = YES_ERROR;
				CLANG_WARN_QUOTED_INCLUDE_IN_FRAMEWORK_HEADER = YES;
				CLANG_WARN_RANGE_LOOP_ANALYSIS = YES;
				CLANG_WARN_STRICT_PROTOTYPES = YES;
				CLANG_WARN_SUSPICIOUS_MOVE = YES;
				CLANG_WARN_UNGUARDED_AVAILABILITY = YES_AGGRESSIVE;
				CLANG_WARN_UNREACHABLE_CODE = YES;
				CLANG_WARN__DUPLICATE_METHOD_MATCH = YES;
				COPY_PHASE_STRIP = NO;
				DEBUG_INFORMATION_FORMAT = dwarf;
				ENABLE_STRICT_OBJC_MSGSEND = YES;
				ENABLE_TESTABILITY = YES;
				GCC_C_LANGUAGE_STANDARD = gnu11;
				GCC_DYNAMIC_NO_PIC = NO;
				GCC_NO_COMMON_BLOCKS = YES;
				GCC_OPTIMIZATION_LEVEL = 0;
				GCC_PREPROCESSOR_DEFINITIONS = (
					"DEBUG=1",
					"$(inherited)",
				);
				GCC_WARN_64_TO_32_BIT_CONVERSION = YES;
				GCC_WARN_ABOUT_RETURN_TYPE = YES_ERROR;
				GCC_WARN_UNDECLARED_SELECTOR = YES;
				GCC_WARN_UNINITIALIZED_AUTOS = YES_AGGRESSIVE;
				GCC_WARN_UNUSED_FUNCTION = YES;
				GCC_WARN_UNUSED_VARIABLE = YES;
				IPHONEOS_DEPLOYMENT_TARGET = 15.4;
				MTL_ENABLE_DEBUG_INFO = INCLUDE_SOURCE;
				MTL_FAST_MATH = YES;
				ONLY_ACTIVE_ARCH = YES;
				SDKROOT = iphoneos;
				SWIFT_ACTIVE_COMPILATION_CONDITIONS = DEBUG;
				SWIFT_OPTIMIZATION_LEVEL = "-Onone";
			};
			name = Debug;
		};
		8D92FA06281B79EA00F52802 /* Release */ = {
			isa = XCBuildConfiguration;
			buildSettings = {
				ALWAYS_SEARCH_USER_PATHS = NO;
				CLANG_ANALYZER_NONNULL = YES;
				CLANG_ANALYZER_NUMBER_OBJECT_CONVERSION = YES_AGGRESSIVE;
				CLANG_CXX_LANGUAGE_STANDARD = "gnu++17";
				CLANG_ENABLE_MODULES = YES;
				CLANG_ENABLE_OBJC_ARC = YES;
				CLANG_ENABLE_OBJC_WEAK = YES;
				CLANG_WARN_BLOCK_CAPTURE_AUTORELEASING = YES;
				CLANG_WARN_BOOL_CONVERSION = YES;
				CLANG_WARN_COMMA = YES;
				CLANG_WARN_CONSTANT_CONVERSION = YES;
				CLANG_WARN_DEPRECATED_OBJC_IMPLEMENTATIONS = YES;
				CLANG_WARN_DIRECT_OBJC_ISA_USAGE = YES_ERROR;
				CLANG_WARN_DOCUMENTATION_COMMENTS = YES;
				CLANG_WARN_EMPTY_BODY = YES;
				CLANG_WARN_ENUM_CONVERSION = YES;
				CLANG_WARN_INFINITE_RECURSION = YES;
				CLANG_WARN_INT_CONVERSION = YES;
				CLANG_WARN_NON_LITERAL_NULL_CONVERSION = YES;
				CLANG_WARN_OBJC_IMPLICIT_RETAIN_SELF = YES;
				CLANG_WARN_OBJC_LITERAL_CONVERSION = YES;
				CLANG_WARN_OBJC_ROOT_CLASS = YES_ERROR;
				CLANG_WARN_QUOTED_INCLUDE_IN_FRAMEWORK_HEADER = YES;
				CLANG_WARN_RANGE_LOOP_ANALYSIS = YES;
				CLANG_WARN_STRICT_PROTOTYPES = YES;
				CLANG_WARN_SUSPICIOUS_MOVE = YES;
				CLANG_WARN_UNGUARDED_AVAILABILITY = YES_AGGRESSIVE;
				CLANG_WARN_UNREACHABLE_CODE = YES;
				CLANG_WARN__DUPLICATE_METHOD_MATCH = YES;
				COPY_PHASE_STRIP = NO;
				DEBUG_INFORMATION_FORMAT = "dwarf-with-dsym";
				ENABLE_NS_ASSERTIONS = NO;
				ENABLE_STRICT_OBJC_MSGSEND = YES;
				GCC_C_LANGUAGE_STANDARD = gnu11;
				GCC_NO_COMMON_BLOCKS = YES;
				GCC_WARN_64_TO_32_BIT_CONVERSION = YES;
				GCC_WARN_ABOUT_RETURN_TYPE = YES_ERROR;
				GCC_WARN_UNDECLARED_SELECTOR = YES;
				GCC_WARN_UNINITIALIZED_AUTOS = YES_AGGRESSIVE;
				GCC_WARN_UNUSED_FUNCTION = YES;
				GCC_WARN_UNUSED_VARIABLE = YES;
				IPHONEOS_DEPLOYMENT_TARGET = 15.4;
				MTL_ENABLE_DEBUG_INFO = NO;
				MTL_FAST_MATH = YES;
				SDKROOT = iphoneos;
				SWIFT_COMPILATION_MODE = wholemodule;
				SWIFT_OPTIMIZATION_LEVEL = "-O";
				VALIDATE_PRODUCT = YES;
			};
			name = Release;
		};
		8D92FA08281B79EA00F52802 /* Debug */ = {
			isa = XCBuildConfiguration;
			buildSettings = {
				ASSETCATALOG_COMPILER_APPICON_NAME = AppIcon;
				ASSETCATALOG_COMPILER_GLOBAL_ACCENT_COLOR_NAME = AccentColor;
				CODE_SIGN_STYLE = Automatic;
				CURRENT_PROJECT_VERSION = 1;
				DEVELOPMENT_ASSET_PATHS = "\"CalculatorTest/Preview Content\"";
				DEVELOPMENT_TEAM = 6DC9LP75VX;
				ENABLE_PREVIEWS = YES;
				GENERATE_INFOPLIST_FILE = YES;
				INFOPLIST_KEY_UIApplicationSceneManifest_Generation = YES;
				INFOPLIST_KEY_UIApplicationSupportsIndirectInputEvents = YES;
				INFOPLIST_KEY_UILaunchScreen_Generation = YES;
				INFOPLIST_KEY_UISupportedInterfaceOrientations = "";
				INFOPLIST_KEY_UISupportedInterfaceOrientations_iPad = "UIInterfaceOrientationPortrait UIInterfaceOrientationPortraitUpsideDown UIInterfaceOrientationLandscapeLeft UIInterfaceOrientationLandscapeRight";
				INFOPLIST_KEY_UISupportedInterfaceOrientations_iPhone = "UIInterfaceOrientationPortrait UIInterfaceOrientationLandscapeLeft UIInterfaceOrientationLandscapeRight";
				LD_RUNPATH_SEARCH_PATHS = (
					"$(inherited)",
					"@executable_path/Frameworks",
				);
				MARKETING_VERSION = 1.0;
				PRODUCT_BUNDLE_IDENTIFIER = com.israman.CalculatorTest;
				PRODUCT_NAME = "$(TARGET_NAME)";
				SWIFT_EMIT_LOC_STRINGS = YES;
				SWIFT_VERSION = 5.0;
				TARGETED_DEVICE_FAMILY = 1;
			};
			name = Debug;
		};
		8D92FA09281B79EA00F52802 /* Release */ = {
			isa = XCBuildConfiguration;
			buildSettings = {
				ASSETCATALOG_COMPILER_APPICON_NAME = AppIcon;
				ASSETCATALOG_COMPILER_GLOBAL_ACCENT_COLOR_NAME = AccentColor;
				CODE_SIGN_STYLE = Automatic;
				CURRENT_PROJECT_VERSION = 1;
				DEVELOPMENT_ASSET_PATHS = "\"CalculatorTest/Preview Content\"";
				DEVELOPMENT_TEAM = 6DC9LP75VX;
				ENABLE_PREVIEWS = YES;
				GENERATE_INFOPLIST_FILE = YES;
				INFOPLIST_KEY_UIApplicationSceneManifest_Generation = YES;
				INFOPLIST_KEY_UIApplicationSupportsIndirectInputEvents = YES;
				INFOPLIST_KEY_UILaunchScreen_Generation = YES;
				INFOPLIST_KEY_UISupportedInterfaceOrientations = "";
				INFOPLIST_KEY_UISupportedInterfaceOrientations_iPad = "UIInterfaceOrientationPortrait UIInterfaceOrientationPortraitUpsideDown UIInterfaceOrientationLandscapeLeft UIInterfaceOrientationLandscapeRight";
				INFOPLIST_KEY_UISupportedInterfaceOrientations_iPhone = "UIInterfaceOrientationPortrait UIInterfaceOrientationLandscapeLeft UIInterfaceOrientationLandscapeRight";
				LD_RUNPATH_SEARCH_PATHS = (
					"$(inherited)",
					"@executable_path/Frameworks",
				);
				MARKETING_VERSION = 1.0;
				PRODUCT_BUNDLE_IDENTIFIER = com.israman.CalculatorTest;
				PRODUCT_NAME = "$(TARGET_NAME)";
				SWIFT_EMIT_LOC_STRINGS = YES;
				SWIFT_VERSION = 5.0;
				TARGETED_DEVICE_FAMILY = 1;
			};
			name = Release;
		};
		8D92FA0B281B79EA00F52802 /* Debug */ = {
			isa = XCBuildConfiguration;
			buildSettings = {
				ALWAYS_EMBED_SWIFT_STANDARD_LIBRARIES = YES;
				BUNDLE_LOADER = "$(TEST_HOST)";
				CODE_SIGN_STYLE = Automatic;
				CURRENT_PROJECT_VERSION = 1;
				DEVELOPMENT_TEAM = 6DC9LP75VX;
				GENERATE_INFOPLIST_FILE = YES;
				IPHONEOS_DEPLOYMENT_TARGET = 15.4;
				MARKETING_VERSION = 1.0;
				PRODUCT_BUNDLE_IDENTIFIER = com.israman.CalculatorTestTests;
				PRODUCT_NAME = "$(TARGET_NAME)";
				SWIFT_EMIT_LOC_STRINGS = NO;
				SWIFT_VERSION = 5.0;
				TARGETED_DEVICE_FAMILY = "1,2";
				TEST_HOST = "$(BUILT_PRODUCTS_DIR)/CalculatorTest.app/CalculatorTest";
			};
			name = Debug;
		};
		8D92FA0C281B79EA00F52802 /* Release */ = {
			isa = XCBuildConfiguration;
			buildSettings = {
				ALWAYS_EMBED_SWIFT_STANDARD_LIBRARIES = YES;
				BUNDLE_LOADER = "$(TEST_HOST)";
				CODE_SIGN_STYLE = Automatic;
				CURRENT_PROJECT_VERSION = 1;
				DEVELOPMENT_TEAM = 6DC9LP75VX;
				GENERATE_INFOPLIST_FILE = YES;
				IPHONEOS_DEPLOYMENT_TARGET = 15.4;
				MARKETING_VERSION = 1.0;
				PRODUCT_BUNDLE_IDENTIFIER = com.israman.CalculatorTestTests;
				PRODUCT_NAME = "$(TARGET_NAME)";
				SWIFT_EMIT_LOC_STRINGS = NO;
				SWIFT_VERSION = 5.0;
				TARGETED_DEVICE_FAMILY = "1,2";
				TEST_HOST = "$(BUILT_PRODUCTS_DIR)/CalculatorTest.app/CalculatorTest";
			};
			name = Release;
		};
		8D92FA0E281B79EA00F52802 /* Debug */ = {
			isa = XCBuildConfiguration;
			buildSettings = {
				ALWAYS_EMBED_SWIFT_STANDARD_LIBRARIES = YES;
				CODE_SIGN_STYLE = Automatic;
				CURRENT_PROJECT_VERSION = 1;
				DEVELOPMENT_TEAM = 6DC9LP75VX;
				GENERATE_INFOPLIST_FILE = YES;
				MARKETING_VERSION = 1.0;
				PRODUCT_BUNDLE_IDENTIFIER = com.israman.CalculatorTestUITests;
				PRODUCT_NAME = "$(TARGET_NAME)";
				SWIFT_EMIT_LOC_STRINGS = NO;
				SWIFT_VERSION = 5.0;
				TARGETED_DEVICE_FAMILY = "1,2";
				TEST_TARGET_NAME = CalculatorTest;
			};
			name = Debug;
		};
		8D92FA0F281B79EA00F52802 /* Release */ = {
			isa = XCBuildConfiguration;
			buildSettings = {
				ALWAYS_EMBED_SWIFT_STANDARD_LIBRARIES = YES;
				CODE_SIGN_STYLE = Automatic;
				CURRENT_PROJECT_VERSION = 1;
				DEVELOPMENT_TEAM = 6DC9LP75VX;
				GENERATE_INFOPLIST_FILE = YES;
				MARKETING_VERSION = 1.0;
				PRODUCT_BUNDLE_IDENTIFIER = com.israman.CalculatorTestUITests;
				PRODUCT_NAME = "$(TARGET_NAME)";
				SWIFT_EMIT_LOC_STRINGS = NO;
				SWIFT_VERSION = 5.0;
				TARGETED_DEVICE_FAMILY = "1,2";
				TEST_TARGET_NAME = CalculatorTest;
			};
			name = Release;
		};
/* End XCBuildConfiguration section */

/* Begin XCConfigurationList section */
		8D92F9DE281B79E000F52802 /* Build configuration list for PBXProject "CalculatorTest" */ = {
			isa = XCConfigurationList;
			buildConfigurations = (
				8D92FA05281B79EA00F52802 /* Debug */,
				8D92FA06281B79EA00F52802 /* Release */,
			);
			defaultConfigurationIsVisible = 0;
			defaultConfigurationName = Release;
		};
		8D92FA07281B79EA00F52802 /* Build configuration list for PBXNativeTarget "CalculatorTest" */ = {
			isa = XCConfigurationList;
			buildConfigurations = (
				8D92FA08281B79EA00F52802 /* Debug */,
				8D92FA09281B79EA00F52802 /* Release */,
			);
			defaultConfigurationIsVisible = 0;
			defaultConfigurationName = Release;
		};
		8D92FA0A281B79EA00F52802 /* Build configuration list for PBXNativeTarget "CalculatorTestTests" */ = {
			isa = XCConfigurationList;
			buildConfigurations = (
				8D92FA0B281B79EA00F52802 /* Debug */,
				8D92FA0C281B79EA00F52802 /* Release */,
			);
			defaultConfigurationIsVisible = 0;
			defaultConfigurationName = Release;
		};
		8D92FA0D281B79EA00F52802 /* Build configuration list for PBXNativeTarget "CalculatorTestUITests" */ = {
			isa = XCConfigurationList;
			buildConfigurations = (
				8D92FA0E281B79EA00F52802 /* Debug */,
				8D92FA0F281B79EA00F52802 /* Release */,
			);
			defaultConfigurationIsVisible = 0;
			defaultConfigurationName = Release;
		};
/* End XCConfigurationList section */
	};
	rootObject = 8D92F9DB281B79E000F52802 /* Project object */;
}
